// !$*UTF8*$!
{
	archiveVersion = 1;
	classes = {
	};
	objectVersion = 46;
	objects = {

/* Begin PBXBuildFile section */
		001A663915498E9F008B00E3 /* MEXAdvertController.m in Sources */ = {isa = PBXBuildFile; fileRef = 198F4DD5154845AA00BEAF2D /* MEXAdvertController.m */; };
		002779B715512A530080BAFC /* Localizable.strings in Resources */ = {isa = PBXBuildFile; fileRef = 002779B515512A530080BAFC /* Localizable.strings */; };
		002779C115513B7D0080BAFC /* Localizable.strings in Resources */ = {isa = PBXBuildFile; fileRef = 002779BF15513B7D0080BAFC /* Localizable.strings */; };
		002779CF1551747E0080BAFC /* InfoPlist.strings in Resources */ = {isa = PBXBuildFile; fileRef = 002779CD1551747E0080BAFC /* InfoPlist.strings */; };
		002CA9101561442E00B9B155 /* background_1.png in Resources */ = {isa = PBXBuildFile; fileRef = 002CA90C1561442E00B9B155 /* background_1.png */; };
		002CA9111561442E00B9B155 /* background_2.png in Resources */ = {isa = PBXBuildFile; fileRef = 002CA90D1561442E00B9B155 /* background_2.png */; };
		002CA9121561442E00B9B155 /* background_3.png in Resources */ = {isa = PBXBuildFile; fileRef = 002CA90E1561442E00B9B155 /* background_3.png */; };
		002CA9131561442E00B9B155 /* background_4.png in Resources */ = {isa = PBXBuildFile; fileRef = 002CA90F1561442E00B9B155 /* background_4.png */; };
		002CA93715624DE900B9B155 /* hat_large.png in Resources */ = {isa = PBXBuildFile; fileRef = 002CA91915624DE900B9B155 /* hat_large.png */; };
		002CA93815624DE900B9B155 /* hat_large@2x.png in Resources */ = {isa = PBXBuildFile; fileRef = 002CA91A15624DE900B9B155 /* hat_large@2x.png */; };
		002CA93915624DE900B9B155 /* hat_small.png in Resources */ = {isa = PBXBuildFile; fileRef = 002CA91B15624DE900B9B155 /* hat_small.png */; };
		002CA93A15624DE900B9B155 /* hat_small@2x.png in Resources */ = {isa = PBXBuildFile; fileRef = 002CA91C15624DE900B9B155 /* hat_small@2x.png */; };
		002CA93B15624DE900B9B155 /* sprite.png in Resources */ = {isa = PBXBuildFile; fileRef = 002CA91D15624DE900B9B155 /* sprite.png */; };
		002CA93C15624DE900B9B155 /* sprite@2x.png in Resources */ = {isa = PBXBuildFile; fileRef = 002CA91E15624DE900B9B155 /* sprite@2x.png */; };
		002CA93D15624DE900B9B155 /* sprite_1.png in Resources */ = {isa = PBXBuildFile; fileRef = 002CA91F15624DE900B9B155 /* sprite_1.png */; };
		002CA93E15624DE900B9B155 /* sprite_10.png in Resources */ = {isa = PBXBuildFile; fileRef = 002CA92015624DE900B9B155 /* sprite_10.png */; };
		002CA93F15624DE900B9B155 /* sprite_10@2x.png in Resources */ = {isa = PBXBuildFile; fileRef = 002CA92115624DE900B9B155 /* sprite_10@2x.png */; };
		002CA94015624DE900B9B155 /* sprite_11.png in Resources */ = {isa = PBXBuildFile; fileRef = 002CA92215624DE900B9B155 /* sprite_11.png */; };
		002CA94115624DE900B9B155 /* sprite_11@2x.png in Resources */ = {isa = PBXBuildFile; fileRef = 002CA92315624DE900B9B155 /* sprite_11@2x.png */; };
		002CA94215624DE900B9B155 /* sprite_1@2x.png in Resources */ = {isa = PBXBuildFile; fileRef = 002CA92415624DE900B9B155 /* sprite_1@2x.png */; };
		002CA94315624DE900B9B155 /* sprite_2.png in Resources */ = {isa = PBXBuildFile; fileRef = 002CA92515624DE900B9B155 /* sprite_2.png */; };
		002CA94415624DE900B9B155 /* sprite_2@2x.png in Resources */ = {isa = PBXBuildFile; fileRef = 002CA92615624DE900B9B155 /* sprite_2@2x.png */; };
		002CA94515624DE900B9B155 /* sprite_3.png in Resources */ = {isa = PBXBuildFile; fileRef = 002CA92715624DE900B9B155 /* sprite_3.png */; };
		002CA94615624DE900B9B155 /* sprite_3@2x.png in Resources */ = {isa = PBXBuildFile; fileRef = 002CA92815624DE900B9B155 /* sprite_3@2x.png */; };
		002CA94715624DE900B9B155 /* sprite_4.png in Resources */ = {isa = PBXBuildFile; fileRef = 002CA92915624DE900B9B155 /* sprite_4.png */; };
		002CA94815624DE900B9B155 /* sprite_4@2x.png in Resources */ = {isa = PBXBuildFile; fileRef = 002CA92A15624DE900B9B155 /* sprite_4@2x.png */; };
		002CA94915624DE900B9B155 /* sprite_5.png in Resources */ = {isa = PBXBuildFile; fileRef = 002CA92B15624DE900B9B155 /* sprite_5.png */; };
		002CA94A15624DE900B9B155 /* sprite_5@2x.png in Resources */ = {isa = PBXBuildFile; fileRef = 002CA92C15624DE900B9B155 /* sprite_5@2x.png */; };
		002CA94B15624DE900B9B155 /* sprite_6.png in Resources */ = {isa = PBXBuildFile; fileRef = 002CA92D15624DE900B9B155 /* sprite_6.png */; };
		002CA94C15624DE900B9B155 /* sprite_6@2x.png in Resources */ = {isa = PBXBuildFile; fileRef = 002CA92E15624DE900B9B155 /* sprite_6@2x.png */; };
		002CA94D15624DE900B9B155 /* sprite_7.png in Resources */ = {isa = PBXBuildFile; fileRef = 002CA92F15624DE900B9B155 /* sprite_7.png */; };
		002CA94E15624DE900B9B155 /* sprite_7@2x.png in Resources */ = {isa = PBXBuildFile; fileRef = 002CA93015624DE900B9B155 /* sprite_7@2x.png */; };
		002CA94F15624DE900B9B155 /* sprite_8.png in Resources */ = {isa = PBXBuildFile; fileRef = 002CA93115624DE900B9B155 /* sprite_8.png */; };
		002CA95015624DE900B9B155 /* sprite_8@2x.png in Resources */ = {isa = PBXBuildFile; fileRef = 002CA93215624DE900B9B155 /* sprite_8@2x.png */; };
		002CA95115624DE900B9B155 /* sprite_9.png in Resources */ = {isa = PBXBuildFile; fileRef = 002CA93315624DE900B9B155 /* sprite_9.png */; };
		002CA95215624DE900B9B155 /* sprite_9@2x.png in Resources */ = {isa = PBXBuildFile; fileRef = 002CA93415624DE900B9B155 /* sprite_9@2x.png */; };
		002CA95315624DE900B9B155 /* tounge.png in Resources */ = {isa = PBXBuildFile; fileRef = 002CA93515624DE900B9B155 /* tounge.png */; };
		002CA95415624DE900B9B155 /* tounge@2x.png in Resources */ = {isa = PBXBuildFile; fileRef = 002CA93615624DE900B9B155 /* tounge@2x.png */; };
		002CA959156252C000B9B155 /* background_1@2x.png in Resources */ = {isa = PBXBuildFile; fileRef = 002CA955156252C000B9B155 /* background_1@2x.png */; };
		002CA95A156252C000B9B155 /* background_2@2x.png in Resources */ = {isa = PBXBuildFile; fileRef = 002CA956156252C000B9B155 /* background_2@2x.png */; };
		002CA95B156252C000B9B155 /* background_3@2x.png in Resources */ = {isa = PBXBuildFile; fileRef = 002CA957156252C000B9B155 /* background_3@2x.png */; };
		002CA95C156252C000B9B155 /* background_4@2x.png in Resources */ = {isa = PBXBuildFile; fileRef = 002CA958156252C000B9B155 /* background_4@2x.png */; };
		0046F0AB154705E4006A5683 /* circleBackground@2x.png in Resources */ = {isa = PBXBuildFile; fileRef = 0046F0AA154705E4006A5683 /* circleBackground@2x.png */; };
		0046F0AD15470610006A5683 /* circleBackground.png in Resources */ = {isa = PBXBuildFile; fileRef = 0046F0AC15470610006A5683 /* circleBackground.png */; };
		0056D384153D85B7004C2BE3 /* tab_lines.png in Resources */ = {isa = PBXBuildFile; fileRef = 0056D382153D85B7004C2BE3 /* tab_lines.png */; };
		0056D385153D85B7004C2BE3 /* tab_lines@2x.png in Resources */ = {isa = PBXBuildFile; fileRef = 0056D383153D85B7004C2BE3 /* tab_lines@2x.png */; };
		0056D388153D85D6004C2BE3 /* background_Camera.png in Resources */ = {isa = PBXBuildFile; fileRef = 0056D386153D85D6004C2BE3 /* background_Camera.png */; };
		0056D389153D85D6004C2BE3 /* background_Camera@2x.png in Resources */ = {isa = PBXBuildFile; fileRef = 0056D387153D85D6004C2BE3 /* background_Camera@2x.png */; };
		0056D38B153DA812004C2BE3 /* Yell-Advert@2x.png in Resources */ = {isa = PBXBuildFile; fileRef = 0056D38A153DA812004C2BE3 /* Yell-Advert@2x.png */; };
		0056D397153DC3AA004C2BE3 /* Yell-Advert.png in Resources */ = {isa = PBXBuildFile; fileRef = 0056D396153DC3A9004C2BE3 /* Yell-Advert.png */; };
		005F6076153C25DA00999B47 /* CoreVideo.framework in Frameworks */ = {isa = PBXBuildFile; fileRef = 005F6075153C25DA00999B47 /* CoreVideo.framework */; };
		005F6078153C25E700999B47 /* ImageIO.framework in Frameworks */ = {isa = PBXBuildFile; fileRef = 005F6077153C25E700999B47 /* ImageIO.framework */; };
		005F607A153C260000999B47 /* CoreMedia.framework in Frameworks */ = {isa = PBXBuildFile; fileRef = 005F6079153C260000999B47 /* CoreMedia.framework */; };
		005F607D153C3C1400999B47 /* yell_icon.png in Resources */ = {isa = PBXBuildFile; fileRef = 005F607B153C3C1400999B47 /* yell_icon.png */; };
		005F607E153C3C1400999B47 /* yell_icon@2x.png in Resources */ = {isa = PBXBuildFile; fileRef = 005F607C153C3C1400999B47 /* yell_icon@2x.png */; };
		005F6089153C6BB600999B47 /* camera@2x.png in Resources */ = {isa = PBXBuildFile; fileRef = 005F6087153C6BB600999B47 /* camera@2x.png */; };
		005F608A153C6BB600999B47 /* camera.png in Resources */ = {isa = PBXBuildFile; fileRef = 005F6088153C6BB600999B47 /* camera.png */; };
		00900CDD155A6EA4002B4815 /* ProgressView.m in Sources */ = {isa = PBXBuildFile; fileRef = 00900CDC155A6EA4002B4815 /* ProgressView.m */; };
		00900CE1155A8315002B4815 /* tick.png in Resources */ = {isa = PBXBuildFile; fileRef = 00900CDF155A8315002B4815 /* tick.png */; };
		00900CE2155A8315002B4815 /* tick@2x.png in Resources */ = {isa = PBXBuildFile; fileRef = 00900CE0155A8315002B4815 /* tick@2x.png */; };
		00900D2E155BDECD002B4815 /* GenericTextViewController.m in Sources */ = {isa = PBXBuildFile; fileRef = 00900D2C155BDECC002B4815 /* GenericTextViewController.m */; };
		00900D2F155BDECD002B4815 /* GenericTextViewController.xib in Resources */ = {isa = PBXBuildFile; fileRef = 00900D2D155BDECD002B4815 /* GenericTextViewController.xib */; };
		00AC81C5155D09D3003B3D2D /* mexican_2.png in Resources */ = {isa = PBXBuildFile; fileRef = 00AC81C3155D09D3003B3D2D /* mexican_2.png */; };
		00AC81C6155D09D3003B3D2D /* mexican.png in Resources */ = {isa = PBXBuildFile; fileRef = 00AC81C4155D09D3003B3D2D /* mexican.png */; };
		00C3F14415529731004252EB /* Default.png in Resources */ = {isa = PBXBuildFile; fileRef = 00C3F14315529731004252EB /* Default.png */; };
		00C3F14615529735004252EB /* Default@2x.png in Resources */ = {isa = PBXBuildFile; fileRef = 00C3F14515529735004252EB /* Default@2x.png */; };
		00C3F15F1553DB8C004252EB /* background.png in Resources */ = {isa = PBXBuildFile; fileRef = 00C3F15D1553DB8B004252EB /* background.png */; };
		00C3F1601553DB8C004252EB /* background@2x.png in Resources */ = {isa = PBXBuildFile; fileRef = 00C3F15E1553DB8B004252EB /* background@2x.png */; };
		00C3F1631553ED9C004252EB /* wave_disc.png in Resources */ = {isa = PBXBuildFile; fileRef = 00C3F1611553ED9B004252EB /* wave_disc.png */; };
		00C3F166155425D3004252EB /* wave_disc@2x.png in Resources */ = {isa = PBXBuildFile; fileRef = 00C3F165155425D3004252EB /* wave_disc@2x.png */; };
		00C6FE68153F0AA100420E4B /* about_hand.png in Resources */ = {isa = PBXBuildFile; fileRef = 00C6FE66153F0AA100420E4B /* about_hand.png */; };
		00C6FE69153F0AA100420E4B /* about_hand@2x.png in Resources */ = {isa = PBXBuildFile; fileRef = 00C6FE67153F0AA100420E4B /* about_hand@2x.png */; };
		00C6FEE51541663400420E4B /* CameraSessionController.m in Sources */ = {isa = PBXBuildFile; fileRef = 00C6FEE31541663400420E4B /* CameraSessionController.m */; };
		00D26F361535BE85004BC8ED /* SettingsView.m in Sources */ = {isa = PBXBuildFile; fileRef = 00D26F351535BE85004BC8ED /* SettingsView.m */; };
		00D26F3E1535C7BB004BC8ED /* tab.png in Resources */ = {isa = PBXBuildFile; fileRef = 00D26F3C1535C7BB004BC8ED /* tab.png */; };
		00D26F3F1535C7BB004BC8ED /* tab@2x.png in Resources */ = {isa = PBXBuildFile; fileRef = 00D26F3D1535C7BB004BC8ED /* tab@2x.png */; };
		00D26F471535E591004BC8ED /* button-whole.png in Resources */ = {isa = PBXBuildFile; fileRef = 00D26F451535E591004BC8ED /* button-whole.png */; };
		00D26F481535E591004BC8ED /* button-whole@2x.png in Resources */ = {isa = PBXBuildFile; fileRef = 00D26F461535E591004BC8ED /* button-whole@2x.png */; };
		00D26F551536C886004BC8ED /* AppUpgradeConfiguration.plist in Resources */ = {isa = PBXBuildFile; fileRef = 00D26F4A1536C886004BC8ED /* AppUpgradeConfiguration.plist */; };
		00D26F561536C886004BC8ED /* AppUpgradeController.m in Sources */ = {isa = PBXBuildFile; fileRef = 00D26F4C1536C886004BC8ED /* AppUpgradeController.m */; };
		00D26F571536C886004BC8ED /* AppUpgradeModel.m in Sources */ = {isa = PBXBuildFile; fileRef = 00D26F4E1536C886004BC8ED /* AppUpgradeModel.m */; };
		00D26F581536C886004BC8ED /* NSString+URLEncoding.m in Sources */ = {isa = PBXBuildFile; fileRef = 00D26F501536C886004BC8ED /* NSString+URLEncoding.m */; };
		00D26F591536C886004BC8ED /* SettingsModel.m in Sources */ = {isa = PBXBuildFile; fileRef = 00D26F521536C886004BC8ED /* SettingsModel.m */; };
		00D26F5A1536C886004BC8ED /* UIDevice+DetailedModelName.m in Sources */ = {isa = PBXBuildFile; fileRef = 00D26F541536C886004BC8ED /* UIDevice+DetailedModelName.m */; };
		00D26F6D1536CAD3004BC8ED /* NSObject+SBJSON.m in Sources */ = {isa = PBXBuildFile; fileRef = 00D26F621536CAD3004BC8ED /* NSObject+SBJSON.m */; };
		00D26F6E1536CAD3004BC8ED /* NSString+SBJSON.m in Sources */ = {isa = PBXBuildFile; fileRef = 00D26F641536CAD3004BC8ED /* NSString+SBJSON.m */; };
		00D26F6F1536CAD3004BC8ED /* SBJSON.m in Sources */ = {isa = PBXBuildFile; fileRef = 00D26F661536CAD3004BC8ED /* SBJSON.m */; };
		00D26F701536CAD3004BC8ED /* SBJsonBase.m in Sources */ = {isa = PBXBuildFile; fileRef = 00D26F681536CAD3004BC8ED /* SBJsonBase.m */; };
		00D26F711536CAD3004BC8ED /* SBJsonParser.m in Sources */ = {isa = PBXBuildFile; fileRef = 00D26F6A1536CAD3004BC8ED /* SBJsonParser.m */; };
		00D26F721536CAD3004BC8ED /* SBJsonWriter.m in Sources */ = {isa = PBXBuildFile; fileRef = 00D26F6C1536CAD3004BC8ED /* SBJsonWriter.m */; };
		1903F3CD1510F23A00807542 /* MEXWaveFxView.m in Sources */ = {isa = PBXBuildFile; fileRef = 1903F3CC1510F23A00807542 /* MEXWaveFxView.m */; };
		1967B90F1523044B00A924D5 /* AudioToolbox.framework in Frameworks */ = {isa = PBXBuildFile; fileRef = 1967B90E1523044B00A924D5 /* AudioToolbox.framework */; };
		1967B923152320B700A924D5 /* clapping.caf in Resources */ = {isa = PBXBuildFile; fileRef = 1967B921152320B700A924D5 /* clapping.caf */; };
		196B8E141517B58700DAD14A /* button-l.png in Resources */ = {isa = PBXBuildFile; fileRef = 196B8DF81517B58700DAD14A /* button-l.png */; };
		196B8E151517B58700DAD14A /* button-l@2x.png in Resources */ = {isa = PBXBuildFile; fileRef = 196B8DF91517B58700DAD14A /* button-l@2x.png */; };
		196B8E161517B58700DAD14A /* button-m.png in Resources */ = {isa = PBXBuildFile; fileRef = 196B8DFA1517B58700DAD14A /* button-m.png */; };
		196B8E171517B58700DAD14A /* button-m@2x.png in Resources */ = {isa = PBXBuildFile; fileRef = 196B8DFB1517B58700DAD14A /* button-m@2x.png */; };
		196B8E181517B58700DAD14A /* button-r.png in Resources */ = {isa = PBXBuildFile; fileRef = 196B8DFC1517B58700DAD14A /* button-r.png */; };
		196B8E191517B58700DAD14A /* button-r@2x.png in Resources */ = {isa = PBXBuildFile; fileRef = 196B8DFD1517B58700DAD14A /* button-r@2x.png */; };
		196B8E1A1517B58700DAD14A /* button-separator.png in Resources */ = {isa = PBXBuildFile; fileRef = 196B8DFE1517B58700DAD14A /* button-separator.png */; };
		196B8E1B1517B58700DAD14A /* button-separator@2x.png in Resources */ = {isa = PBXBuildFile; fileRef = 196B8DFF1517B58700DAD14A /* button-separator@2x.png */; };
		196B8E1C1517B58700DAD14A /* flare.png in Resources */ = {isa = PBXBuildFile; fileRef = 196B8E001517B58700DAD14A /* flare.png */; };
		196B8E1D1517B58700DAD14A /* flare@2x.png in Resources */ = {isa = PBXBuildFile; fileRef = 196B8E011517B58700DAD14A /* flare@2x.png */; };
		196B8E1E1517B58700DAD14A /* Icon-72.png in Resources */ = {isa = PBXBuildFile; fileRef = 196B8E021517B58700DAD14A /* Icon-72.png */; };
		196B8E1F1517B58700DAD14A /* icon-group.png in Resources */ = {isa = PBXBuildFile; fileRef = 196B8E031517B58700DAD14A /* icon-group.png */; };
		196B8E201517B58700DAD14A /* icon-group@2x.png in Resources */ = {isa = PBXBuildFile; fileRef = 196B8E041517B58700DAD14A /* icon-group@2x.png */; };
		196B8E211517B58700DAD14A /* icon-music.png in Resources */ = {isa = PBXBuildFile; fileRef = 196B8E051517B58700DAD14A /* icon-music.png */; };
		196B8E221517B58700DAD14A /* icon-music@2x.png in Resources */ = {isa = PBXBuildFile; fileRef = 196B8E061517B58700DAD14A /* icon-music@2x.png */; };
		196B8E231517B58700DAD14A /* Icon-Small-50.png in Resources */ = {isa = PBXBuildFile; fileRef = 196B8E071517B58700DAD14A /* Icon-Small-50.png */; };
		196B8E241517B58700DAD14A /* Icon-Small.png in Resources */ = {isa = PBXBuildFile; fileRef = 196B8E081517B58700DAD14A /* Icon-Small.png */; };
		196B8E251517B58700DAD14A /* Icon-Small@2x.png in Resources */ = {isa = PBXBuildFile; fileRef = 196B8E091517B58700DAD14A /* Icon-Small@2x.png */; };
		196B8E261517B58700DAD14A /* icon-stadium.png in Resources */ = {isa = PBXBuildFile; fileRef = 196B8E0A1517B58700DAD14A /* icon-stadium.png */; };
		196B8E271517B58700DAD14A /* icon-stadium@2x.png in Resources */ = {isa = PBXBuildFile; fileRef = 196B8E0B1517B58700DAD14A /* icon-stadium@2x.png */; };
		196B8E281517B58700DAD14A /* Icon.png in Resources */ = {isa = PBXBuildFile; fileRef = 196B8E0C1517B58700DAD14A /* Icon.png */; };
		196B8E291517B58700DAD14A /* Icon@2x.png in Resources */ = {isa = PBXBuildFile; fileRef = 196B8E0D1517B58700DAD14A /* Icon@2x.png */; };
		196B8E2A1517B58700DAD14A /* iTunesArtwork.png in Resources */ = {isa = PBXBuildFile; fileRef = 196B8E0E1517B58700DAD14A /* iTunesArtwork.png */; };
		196B8E2B1517B58700DAD14A /* light-blob.png in Resources */ = {isa = PBXBuildFile; fileRef = 196B8E0F1517B58700DAD14A /* light-blob.png */; };
		196B8E2C1517B58700DAD14A /* light-blob@2x.png in Resources */ = {isa = PBXBuildFile; fileRef = 196B8E101517B58700DAD14A /* light-blob@2x.png */; };
		196B8E4B1518A00100DAD14A /* InfoPlist.strings in Resources */ = {isa = PBXBuildFile; fileRef = 196B8E451518A00100DAD14A /* InfoPlist.strings */; };
		196B8E4C1518A00100DAD14A /* MainWindow.xib in Resources */ = {isa = PBXBuildFile; fileRef = 196B8E471518A00100DAD14A /* MainWindow.xib */; };
		196B8E4D1518A00100DAD14A /* MEXWavingViewController.xib in Resources */ = {isa = PBXBuildFile; fileRef = 196B8E491518A00100DAD14A /* MEXWavingViewController.xib */; };
		198F4DCD1546FFCE00BEAF2D /* libAppMeasurement.a in Frameworks */ = {isa = PBXBuildFile; fileRef = 198F4DCC1546FFCE00BEAF2D /* libAppMeasurement.a */; };
		198F4DD31547F2BB00BEAF2D /* UsageMetrics.m in Sources */ = {isa = PBXBuildFile; fileRef = 198F4DC51546FF3800BEAF2D /* UsageMetrics.m */; };
		199B5760151CDFB200155281 /* ios-ntp.framework in Frameworks */ = {isa = PBXBuildFile; fileRef = 199B575F151CDFB200155281 /* ios-ntp.framework */; };
		199CB60514FEA3CA00A16A97 /* UIKit.framework in Frameworks */ = {isa = PBXBuildFile; fileRef = 199CB60414FEA3CA00A16A97 /* UIKit.framework */; };
		199CB60714FEA3CA00A16A97 /* Foundation.framework in Frameworks */ = {isa = PBXBuildFile; fileRef = 199CB60614FEA3CA00A16A97 /* Foundation.framework */; };
		199CB60914FEA3CA00A16A97 /* CoreGraphics.framework in Frameworks */ = {isa = PBXBuildFile; fileRef = 199CB60814FEA3CA00A16A97 /* CoreGraphics.framework */; };
		199CB61114FEA3CA00A16A97 /* main.m in Sources */ = {isa = PBXBuildFile; fileRef = 199CB61014FEA3CA00A16A97 /* main.m */; };
		199CB61514FEA3CA00A16A97 /* MEXAppDelegate.m in Sources */ = {isa = PBXBuildFile; fileRef = 199CB61414FEA3CA00A16A97 /* MEXAppDelegate.m */; };
		199CB62C14FEA47C00A16A97 /* MEXWavingViewController.m in Sources */ = {isa = PBXBuildFile; fileRef = 199CB62A14FEA47C00A16A97 /* MEXWavingViewController.m */; };
		199CB63214FEAAC000A16A97 /* MEXWaveModel.m in Sources */ = {isa = PBXBuildFile; fileRef = 199CB63114FEAABF00A16A97 /* MEXWaveModel.m */; };
		199CB63514FF84DE00A16A97 /* MEXCompassModel.m in Sources */ = {isa = PBXBuildFile; fileRef = 199CB63414FF84DD00A16A97 /* MEXCompassModel.m */; };
		199CB63E14FF8FF700A16A97 /* CoreLocation.framework in Frameworks */ = {isa = PBXBuildFile; fileRef = 199CB63D14FF8FF700A16A97 /* CoreLocation.framework */; };
		E254CA241513995100DAB66E /* QuartzCore.framework in Frameworks */ = {isa = PBXBuildFile; fileRef = E254CA231513995100DAB66E /* QuartzCore.framework */; };
		E254CA261513A49400DAB66E /* AVFoundation.framework in Frameworks */ = {isa = PBXBuildFile; fileRef = E254CA251513A49400DAB66E /* AVFoundation.framework */; };
/* End PBXBuildFile section */

/* Begin PBXFileReference section */
		002779B615512A530080BAFC /* en */ = {isa = PBXFileReference; lastKnownFileType = text.plist.strings; name = en; path = Localizable.strings; sourceTree = "<group>"; };
		002779C015513B7D0080BAFC /* es */ = {isa = PBXFileReference; lastKnownFileType = text.plist.strings; name = es; path = Localizable.strings; sourceTree = "<group>"; };
		002779CE1551747E0080BAFC /* es */ = {isa = PBXFileReference; lastKnownFileType = text.plist.strings; name = es; path = InfoPlist.strings; sourceTree = "<group>"; };
		002CA90C1561442E00B9B155 /* background_1.png */ = {isa = PBXFileReference; lastKnownFileType = image.png; path = background_1.png; sourceTree = "<group>"; };
		002CA90D1561442E00B9B155 /* background_2.png */ = {isa = PBXFileReference; lastKnownFileType = image.png; path = background_2.png; sourceTree = "<group>"; };
		002CA90E1561442E00B9B155 /* background_3.png */ = {isa = PBXFileReference; lastKnownFileType = image.png; path = background_3.png; sourceTree = "<group>"; };
		002CA90F1561442E00B9B155 /* background_4.png */ = {isa = PBXFileReference; lastKnownFileType = image.png; path = background_4.png; sourceTree = "<group>"; };
		002CA91915624DE900B9B155 /* hat_large.png */ = {isa = PBXFileReference; lastKnownFileType = image.png; path = hat_large.png; sourceTree = "<group>"; };
		002CA91A15624DE900B9B155 /* hat_large@2x.png */ = {isa = PBXFileReference; lastKnownFileType = image.png; path = "hat_large@2x.png"; sourceTree = "<group>"; };
		002CA91B15624DE900B9B155 /* hat_small.png */ = {isa = PBXFileReference; lastKnownFileType = image.png; path = hat_small.png; sourceTree = "<group>"; };
		002CA91C15624DE900B9B155 /* hat_small@2x.png */ = {isa = PBXFileReference; lastKnownFileType = image.png; path = "hat_small@2x.png"; sourceTree = "<group>"; };
		002CA91D15624DE900B9B155 /* sprite.png */ = {isa = PBXFileReference; lastKnownFileType = image.png; path = sprite.png; sourceTree = "<group>"; };
		002CA91E15624DE900B9B155 /* sprite@2x.png */ = {isa = PBXFileReference; lastKnownFileType = image.png; path = "sprite@2x.png"; sourceTree = "<group>"; };
		002CA91F15624DE900B9B155 /* sprite_1.png */ = {isa = PBXFileReference; lastKnownFileType = image.png; path = sprite_1.png; sourceTree = "<group>"; };
		002CA92015624DE900B9B155 /* sprite_10.png */ = {isa = PBXFileReference; lastKnownFileType = image.png; path = sprite_10.png; sourceTree = "<group>"; };
		002CA92115624DE900B9B155 /* sprite_10@2x.png */ = {isa = PBXFileReference; lastKnownFileType = image.png; path = "sprite_10@2x.png"; sourceTree = "<group>"; };
		002CA92215624DE900B9B155 /* sprite_11.png */ = {isa = PBXFileReference; lastKnownFileType = image.png; path = sprite_11.png; sourceTree = "<group>"; };
		002CA92315624DE900B9B155 /* sprite_11@2x.png */ = {isa = PBXFileReference; lastKnownFileType = image.png; path = "sprite_11@2x.png"; sourceTree = "<group>"; };
		002CA92415624DE900B9B155 /* sprite_1@2x.png */ = {isa = PBXFileReference; lastKnownFileType = image.png; path = "sprite_1@2x.png"; sourceTree = "<group>"; };
		002CA92515624DE900B9B155 /* sprite_2.png */ = {isa = PBXFileReference; lastKnownFileType = image.png; path = sprite_2.png; sourceTree = "<group>"; };
		002CA92615624DE900B9B155 /* sprite_2@2x.png */ = {isa = PBXFileReference; lastKnownFileType = image.png; path = "sprite_2@2x.png"; sourceTree = "<group>"; };
		002CA92715624DE900B9B155 /* sprite_3.png */ = {isa = PBXFileReference; lastKnownFileType = image.png; path = sprite_3.png; sourceTree = "<group>"; };
		002CA92815624DE900B9B155 /* sprite_3@2x.png */ = {isa = PBXFileReference; lastKnownFileType = image.png; path = "sprite_3@2x.png"; sourceTree = "<group>"; };
		002CA92915624DE900B9B155 /* sprite_4.png */ = {isa = PBXFileReference; lastKnownFileType = image.png; path = sprite_4.png; sourceTree = "<group>"; };
		002CA92A15624DE900B9B155 /* sprite_4@2x.png */ = {isa = PBXFileReference; lastKnownFileType = image.png; path = "sprite_4@2x.png"; sourceTree = "<group>"; };
		002CA92B15624DE900B9B155 /* sprite_5.png */ = {isa = PBXFileReference; lastKnownFileType = image.png; path = sprite_5.png; sourceTree = "<group>"; };
		002CA92C15624DE900B9B155 /* sprite_5@2x.png */ = {isa = PBXFileReference; lastKnownFileType = image.png; path = "sprite_5@2x.png"; sourceTree = "<group>"; };
		002CA92D15624DE900B9B155 /* sprite_6.png */ = {isa = PBXFileReference; lastKnownFileType = image.png; path = sprite_6.png; sourceTree = "<group>"; };
		002CA92E15624DE900B9B155 /* sprite_6@2x.png */ = {isa = PBXFileReference; lastKnownFileType = image.png; path = "sprite_6@2x.png"; sourceTree = "<group>"; };
		002CA92F15624DE900B9B155 /* sprite_7.png */ = {isa = PBXFileReference; lastKnownFileType = image.png; path = sprite_7.png; sourceTree = "<group>"; };
		002CA93015624DE900B9B155 /* sprite_7@2x.png */ = {isa = PBXFileReference; lastKnownFileType = image.png; path = "sprite_7@2x.png"; sourceTree = "<group>"; };
		002CA93115624DE900B9B155 /* sprite_8.png */ = {isa = PBXFileReference; lastKnownFileType = image.png; path = sprite_8.png; sourceTree = "<group>"; };
		002CA93215624DE900B9B155 /* sprite_8@2x.png */ = {isa = PBXFileReference; lastKnownFileType = image.png; path = "sprite_8@2x.png"; sourceTree = "<group>"; };
		002CA93315624DE900B9B155 /* sprite_9.png */ = {isa = PBXFileReference; lastKnownFileType = image.png; path = sprite_9.png; sourceTree = "<group>"; };
		002CA93415624DE900B9B155 /* sprite_9@2x.png */ = {isa = PBXFileReference; lastKnownFileType = image.png; path = "sprite_9@2x.png"; sourceTree = "<group>"; };
		002CA93515624DE900B9B155 /* tounge.png */ = {isa = PBXFileReference; lastKnownFileType = image.png; path = tounge.png; sourceTree = "<group>"; };
		002CA93615624DE900B9B155 /* tounge@2x.png */ = {isa = PBXFileReference; lastKnownFileType = image.png; path = "tounge@2x.png"; sourceTree = "<group>"; };
		002CA955156252C000B9B155 /* background_1@2x.png */ = {isa = PBXFileReference; lastKnownFileType = image.png; path = "background_1@2x.png"; sourceTree = "<group>"; };
		002CA956156252C000B9B155 /* background_2@2x.png */ = {isa = PBXFileReference; lastKnownFileType = image.png; path = "background_2@2x.png"; sourceTree = "<group>"; };
		002CA957156252C000B9B155 /* background_3@2x.png */ = {isa = PBXFileReference; lastKnownFileType = image.png; path = "background_3@2x.png"; sourceTree = "<group>"; };
		002CA958156252C000B9B155 /* background_4@2x.png */ = {isa = PBXFileReference; lastKnownFileType = image.png; path = "background_4@2x.png"; sourceTree = "<group>"; };
		0046F0AA154705E4006A5683 /* circleBackground@2x.png */ = {isa = PBXFileReference; lastKnownFileType = image.png; path = "circleBackground@2x.png"; sourceTree = "<group>"; };
		0046F0AC15470610006A5683 /* circleBackground.png */ = {isa = PBXFileReference; lastKnownFileType = image.png; path = circleBackground.png; sourceTree = "<group>"; };
		0056D382153D85B7004C2BE3 /* tab_lines.png */ = {isa = PBXFileReference; lastKnownFileType = image.png; path = tab_lines.png; sourceTree = "<group>"; };
		0056D383153D85B7004C2BE3 /* tab_lines@2x.png */ = {isa = PBXFileReference; lastKnownFileType = image.png; path = "tab_lines@2x.png"; sourceTree = "<group>"; };
		0056D386153D85D6004C2BE3 /* background_Camera.png */ = {isa = PBXFileReference; lastKnownFileType = image.png; path = background_Camera.png; sourceTree = "<group>"; };
		0056D387153D85D6004C2BE3 /* background_Camera@2x.png */ = {isa = PBXFileReference; lastKnownFileType = image.png; path = "background_Camera@2x.png"; sourceTree = "<group>"; };
		0056D38A153DA812004C2BE3 /* Yell-Advert@2x.png */ = {isa = PBXFileReference; lastKnownFileType = image.png; path = "Yell-Advert@2x.png"; sourceTree = "<group>"; };
		0056D396153DC3A9004C2BE3 /* Yell-Advert.png */ = {isa = PBXFileReference; lastKnownFileType = image.png; path = "Yell-Advert.png"; sourceTree = "<group>"; };
		005F6075153C25DA00999B47 /* CoreVideo.framework */ = {isa = PBXFileReference; lastKnownFileType = wrapper.framework; name = CoreVideo.framework; path = System/Library/Frameworks/CoreVideo.framework; sourceTree = SDKROOT; };
		005F6077153C25E700999B47 /* ImageIO.framework */ = {isa = PBXFileReference; lastKnownFileType = wrapper.framework; name = ImageIO.framework; path = System/Library/Frameworks/ImageIO.framework; sourceTree = SDKROOT; };
		005F6079153C260000999B47 /* CoreMedia.framework */ = {isa = PBXFileReference; lastKnownFileType = wrapper.framework; name = CoreMedia.framework; path = System/Library/Frameworks/CoreMedia.framework; sourceTree = SDKROOT; };
		005F607B153C3C1400999B47 /* yell_icon.png */ = {isa = PBXFileReference; lastKnownFileType = image.png; path = yell_icon.png; sourceTree = "<group>"; };
		005F607C153C3C1400999B47 /* yell_icon@2x.png */ = {isa = PBXFileReference; lastKnownFileType = image.png; path = "yell_icon@2x.png"; sourceTree = "<group>"; };
		005F6087153C6BB600999B47 /* camera@2x.png */ = {isa = PBXFileReference; lastKnownFileType = image.png; path = "camera@2x.png"; sourceTree = "<group>"; };
		005F6088153C6BB600999B47 /* camera.png */ = {isa = PBXFileReference; lastKnownFileType = image.png; path = camera.png; sourceTree = "<group>"; };
		00900CDB155A6EA4002B4815 /* ProgressView.h */ = {isa = PBXFileReference; fileEncoding = 4; lastKnownFileType = sourcecode.c.h; path = ProgressView.h; sourceTree = "<group>"; };
		00900CDC155A6EA4002B4815 /* ProgressView.m */ = {isa = PBXFileReference; fileEncoding = 4; lastKnownFileType = sourcecode.c.objc; path = ProgressView.m; sourceTree = "<group>"; };
		00900CDF155A8315002B4815 /* tick.png */ = {isa = PBXFileReference; lastKnownFileType = image.png; path = tick.png; sourceTree = "<group>"; };
		00900CE0155A8315002B4815 /* tick@2x.png */ = {isa = PBXFileReference; lastKnownFileType = image.png; path = "tick@2x.png"; sourceTree = "<group>"; };
		00900D2B155BDECC002B4815 /* GenericTextViewController.h */ = {isa = PBXFileReference; fileEncoding = 4; lastKnownFileType = sourcecode.c.h; path = GenericTextViewController.h; sourceTree = "<group>"; };
		00900D2C155BDECC002B4815 /* GenericTextViewController.m */ = {isa = PBXFileReference; fileEncoding = 4; lastKnownFileType = sourcecode.c.objc; path = GenericTextViewController.m; sourceTree = "<group>"; };
		00900D2D155BDECD002B4815 /* GenericTextViewController.xib */ = {isa = PBXFileReference; fileEncoding = 4; lastKnownFileType = file.xib; path = GenericTextViewController.xib; sourceTree = "<group>"; };
		00AC81C3155D09D3003B3D2D /* mexican_2.png */ = {isa = PBXFileReference; lastKnownFileType = image.png; path = mexican_2.png; sourceTree = "<group>"; };
		00AC81C4155D09D3003B3D2D /* mexican.png */ = {isa = PBXFileReference; lastKnownFileType = image.png; path = mexican.png; sourceTree = "<group>"; };
		00C3F14315529731004252EB /* Default.png */ = {isa = PBXFileReference; lastKnownFileType = image.png; name = Default.png; path = ../../Default.png; sourceTree = "<group>"; };
		00C3F14515529735004252EB /* Default@2x.png */ = {isa = PBXFileReference; lastKnownFileType = image.png; name = "Default@2x.png"; path = "../../Default@2x.png"; sourceTree = "<group>"; };
		00C3F15D1553DB8B004252EB /* background.png */ = {isa = PBXFileReference; lastKnownFileType = image.png; path = background.png; sourceTree = "<group>"; };
		00C3F15E1553DB8B004252EB /* background@2x.png */ = {isa = PBXFileReference; lastKnownFileType = image.png; path = "background@2x.png"; sourceTree = "<group>"; };
		00C3F1611553ED9B004252EB /* wave_disc.png */ = {isa = PBXFileReference; lastKnownFileType = image.png; path = wave_disc.png; sourceTree = "<group>"; };
		00C3F165155425D3004252EB /* wave_disc@2x.png */ = {isa = PBXFileReference; lastKnownFileType = image.png; path = "wave_disc@2x.png"; sourceTree = "<group>"; };
		00C6FE66153F0AA100420E4B /* about_hand.png */ = {isa = PBXFileReference; lastKnownFileType = image.png; path = about_hand.png; sourceTree = "<group>"; };
		00C6FE67153F0AA100420E4B /* about_hand@2x.png */ = {isa = PBXFileReference; lastKnownFileType = image.png; path = "about_hand@2x.png"; sourceTree = "<group>"; };
		00C6FEE31541663400420E4B /* CameraSessionController.m */ = {isa = PBXFileReference; fileEncoding = 4; lastKnownFileType = sourcecode.c.objc; path = CameraSessionController.m; sourceTree = "<group>"; };
		00C6FEE41541663400420E4B /* CameraSessionController.h */ = {isa = PBXFileReference; fileEncoding = 4; lastKnownFileType = sourcecode.c.h; path = CameraSessionController.h; sourceTree = "<group>"; };
		00D26F341535BE85004BC8ED /* SettingsView.h */ = {isa = PBXFileReference; fileEncoding = 4; lastKnownFileType = sourcecode.c.h; path = SettingsView.h; sourceTree = "<group>"; };
		00D26F351535BE85004BC8ED /* SettingsView.m */ = {isa = PBXFileReference; fileEncoding = 4; lastKnownFileType = sourcecode.c.objc; path = SettingsView.m; sourceTree = "<group>"; };
		00D26F3C1535C7BB004BC8ED /* tab.png */ = {isa = PBXFileReference; lastKnownFileType = image.png; path = tab.png; sourceTree = "<group>"; };
		00D26F3D1535C7BB004BC8ED /* tab@2x.png */ = {isa = PBXFileReference; lastKnownFileType = image.png; path = "tab@2x.png"; sourceTree = "<group>"; };
		00D26F451535E591004BC8ED /* button-whole.png */ = {isa = PBXFileReference; lastKnownFileType = image.png; path = "button-whole.png"; sourceTree = "<group>"; };
		00D26F461535E591004BC8ED /* button-whole@2x.png */ = {isa = PBXFileReference; lastKnownFileType = image.png; path = "button-whole@2x.png"; sourceTree = "<group>"; };
		00D26F4A1536C886004BC8ED /* AppUpgradeConfiguration.plist */ = {isa = PBXFileReference; fileEncoding = 4; lastKnownFileType = text.plist.xml; path = AppUpgradeConfiguration.plist; sourceTree = "<group>"; };
		00D26F4B1536C886004BC8ED /* AppUpgradeController.h */ = {isa = PBXFileReference; fileEncoding = 4; lastKnownFileType = sourcecode.c.h; path = AppUpgradeController.h; sourceTree = "<group>"; };
		00D26F4C1536C886004BC8ED /* AppUpgradeController.m */ = {isa = PBXFileReference; fileEncoding = 4; lastKnownFileType = sourcecode.c.objc; path = AppUpgradeController.m; sourceTree = "<group>"; };
		00D26F4D1536C886004BC8ED /* AppUpgradeModel.h */ = {isa = PBXFileReference; fileEncoding = 4; lastKnownFileType = sourcecode.c.h; path = AppUpgradeModel.h; sourceTree = "<group>"; };
		00D26F4E1536C886004BC8ED /* AppUpgradeModel.m */ = {isa = PBXFileReference; fileEncoding = 4; lastKnownFileType = sourcecode.c.objc; path = AppUpgradeModel.m; sourceTree = "<group>"; };
		00D26F4F1536C886004BC8ED /* NSString+URLEncoding.h */ = {isa = PBXFileReference; fileEncoding = 4; lastKnownFileType = sourcecode.c.h; path = "NSString+URLEncoding.h"; sourceTree = "<group>"; };
		00D26F501536C886004BC8ED /* NSString+URLEncoding.m */ = {isa = PBXFileReference; fileEncoding = 4; lastKnownFileType = sourcecode.c.objc; path = "NSString+URLEncoding.m"; sourceTree = "<group>"; };
		00D26F511536C886004BC8ED /* SettingsModel.h */ = {isa = PBXFileReference; fileEncoding = 4; lastKnownFileType = sourcecode.c.h; path = SettingsModel.h; sourceTree = "<group>"; };
		00D26F521536C886004BC8ED /* SettingsModel.m */ = {isa = PBXFileReference; fileEncoding = 4; lastKnownFileType = sourcecode.c.objc; path = SettingsModel.m; sourceTree = "<group>"; };
		00D26F531536C886004BC8ED /* UIDevice+DetailedModelName.h */ = {isa = PBXFileReference; fileEncoding = 4; lastKnownFileType = sourcecode.c.h; path = "UIDevice+DetailedModelName.h"; sourceTree = "<group>"; };
		00D26F541536C886004BC8ED /* UIDevice+DetailedModelName.m */ = {isa = PBXFileReference; fileEncoding = 4; lastKnownFileType = sourcecode.c.objc; path = "UIDevice+DetailedModelName.m"; sourceTree = "<group>"; };
		00D26F601536CAD3004BC8ED /* JSON.h */ = {isa = PBXFileReference; fileEncoding = 4; lastKnownFileType = sourcecode.c.h; path = JSON.h; sourceTree = "<group>"; };
		00D26F611536CAD3004BC8ED /* NSObject+SBJSON.h */ = {isa = PBXFileReference; fileEncoding = 4; lastKnownFileType = sourcecode.c.h; path = "NSObject+SBJSON.h"; sourceTree = "<group>"; };
		00D26F621536CAD3004BC8ED /* NSObject+SBJSON.m */ = {isa = PBXFileReference; fileEncoding = 4; lastKnownFileType = sourcecode.c.objc; path = "NSObject+SBJSON.m"; sourceTree = "<group>"; };
		00D26F631536CAD3004BC8ED /* NSString+SBJSON.h */ = {isa = PBXFileReference; fileEncoding = 4; lastKnownFileType = sourcecode.c.h; path = "NSString+SBJSON.h"; sourceTree = "<group>"; };
		00D26F641536CAD3004BC8ED /* NSString+SBJSON.m */ = {isa = PBXFileReference; fileEncoding = 4; lastKnownFileType = sourcecode.c.objc; path = "NSString+SBJSON.m"; sourceTree = "<group>"; };
		00D26F651536CAD3004BC8ED /* SBJSON.h */ = {isa = PBXFileReference; fileEncoding = 4; lastKnownFileType = sourcecode.c.h; path = SBJSON.h; sourceTree = "<group>"; };
		00D26F661536CAD3004BC8ED /* SBJSON.m */ = {isa = PBXFileReference; fileEncoding = 4; lastKnownFileType = sourcecode.c.objc; path = SBJSON.m; sourceTree = "<group>"; };
		00D26F671536CAD3004BC8ED /* SBJsonBase.h */ = {isa = PBXFileReference; fileEncoding = 4; lastKnownFileType = sourcecode.c.h; path = SBJsonBase.h; sourceTree = "<group>"; };
		00D26F681536CAD3004BC8ED /* SBJsonBase.m */ = {isa = PBXFileReference; fileEncoding = 4; lastKnownFileType = sourcecode.c.objc; path = SBJsonBase.m; sourceTree = "<group>"; };
		00D26F691536CAD3004BC8ED /* SBJsonParser.h */ = {isa = PBXFileReference; fileEncoding = 4; lastKnownFileType = sourcecode.c.h; path = SBJsonParser.h; sourceTree = "<group>"; };
		00D26F6A1536CAD3004BC8ED /* SBJsonParser.m */ = {isa = PBXFileReference; fileEncoding = 4; lastKnownFileType = sourcecode.c.objc; path = SBJsonParser.m; sourceTree = "<group>"; };
		00D26F6B1536CAD3004BC8ED /* SBJsonWriter.h */ = {isa = PBXFileReference; fileEncoding = 4; lastKnownFileType = sourcecode.c.h; path = SBJsonWriter.h; sourceTree = "<group>"; };
		00D26F6C1536CAD3004BC8ED /* SBJsonWriter.m */ = {isa = PBXFileReference; fileEncoding = 4; lastKnownFileType = sourcecode.c.objc; path = SBJsonWriter.m; sourceTree = "<group>"; };
		1903F3CB1510F23900807542 /* MEXWaveFxView.h */ = {isa = PBXFileReference; fileEncoding = 4; lastKnownFileType = sourcecode.c.h; path = MEXWaveFxView.h; sourceTree = "<group>"; };
		1903F3CC1510F23A00807542 /* MEXWaveFxView.m */ = {isa = PBXFileReference; fileEncoding = 4; lastKnownFileType = sourcecode.c.objc; path = MEXWaveFxView.m; sourceTree = "<group>"; };
		1967B90E1523044B00A924D5 /* AudioToolbox.framework */ = {isa = PBXFileReference; lastKnownFileType = wrapper.framework; name = AudioToolbox.framework; path = System/Library/Frameworks/AudioToolbox.framework; sourceTree = SDKROOT; };
		1967B921152320B700A924D5 /* clapping.caf */ = {isa = PBXFileReference; lastKnownFileType = file; path = clapping.caf; sourceTree = "<group>"; };
		196B8DF81517B58700DAD14A /* button-l.png */ = {isa = PBXFileReference; lastKnownFileType = image.png; path = "button-l.png"; sourceTree = "<group>"; };
		196B8DF91517B58700DAD14A /* button-l@2x.png */ = {isa = PBXFileReference; lastKnownFileType = image.png; path = "button-l@2x.png"; sourceTree = "<group>"; };
		196B8DFA1517B58700DAD14A /* button-m.png */ = {isa = PBXFileReference; lastKnownFileType = image.png; path = "button-m.png"; sourceTree = "<group>"; };
		196B8DFB1517B58700DAD14A /* button-m@2x.png */ = {isa = PBXFileReference; lastKnownFileType = image.png; path = "button-m@2x.png"; sourceTree = "<group>"; };
		196B8DFC1517B58700DAD14A /* button-r.png */ = {isa = PBXFileReference; lastKnownFileType = image.png; path = "button-r.png"; sourceTree = "<group>"; };
		196B8DFD1517B58700DAD14A /* button-r@2x.png */ = {isa = PBXFileReference; lastKnownFileType = image.png; path = "button-r@2x.png"; sourceTree = "<group>"; };
		196B8DFE1517B58700DAD14A /* button-separator.png */ = {isa = PBXFileReference; lastKnownFileType = image.png; path = "button-separator.png"; sourceTree = "<group>"; };
		196B8DFF1517B58700DAD14A /* button-separator@2x.png */ = {isa = PBXFileReference; lastKnownFileType = image.png; path = "button-separator@2x.png"; sourceTree = "<group>"; };
		196B8E001517B58700DAD14A /* flare.png */ = {isa = PBXFileReference; lastKnownFileType = image.png; path = flare.png; sourceTree = "<group>"; };
		196B8E011517B58700DAD14A /* flare@2x.png */ = {isa = PBXFileReference; lastKnownFileType = image.png; path = "flare@2x.png"; sourceTree = "<group>"; };
		196B8E021517B58700DAD14A /* Icon-72.png */ = {isa = PBXFileReference; lastKnownFileType = image.png; path = "Icon-72.png"; sourceTree = "<group>"; };
		196B8E031517B58700DAD14A /* icon-group.png */ = {isa = PBXFileReference; lastKnownFileType = image.png; path = "icon-group.png"; sourceTree = "<group>"; };
		196B8E041517B58700DAD14A /* icon-group@2x.png */ = {isa = PBXFileReference; lastKnownFileType = image.png; path = "icon-group@2x.png"; sourceTree = "<group>"; };
		196B8E051517B58700DAD14A /* icon-music.png */ = {isa = PBXFileReference; lastKnownFileType = image.png; path = "icon-music.png"; sourceTree = "<group>"; };
		196B8E061517B58700DAD14A /* icon-music@2x.png */ = {isa = PBXFileReference; lastKnownFileType = image.png; path = "icon-music@2x.png"; sourceTree = "<group>"; };
		196B8E071517B58700DAD14A /* Icon-Small-50.png */ = {isa = PBXFileReference; lastKnownFileType = image.png; path = "Icon-Small-50.png"; sourceTree = "<group>"; };
		196B8E081517B58700DAD14A /* Icon-Small.png */ = {isa = PBXFileReference; lastKnownFileType = image.png; path = "Icon-Small.png"; sourceTree = "<group>"; };
		196B8E091517B58700DAD14A /* Icon-Small@2x.png */ = {isa = PBXFileReference; lastKnownFileType = image.png; path = "Icon-Small@2x.png"; sourceTree = "<group>"; };
		196B8E0A1517B58700DAD14A /* icon-stadium.png */ = {isa = PBXFileReference; lastKnownFileType = image.png; path = "icon-stadium.png"; sourceTree = "<group>"; };
		196B8E0B1517B58700DAD14A /* icon-stadium@2x.png */ = {isa = PBXFileReference; lastKnownFileType = image.png; path = "icon-stadium@2x.png"; sourceTree = "<group>"; };
		196B8E0C1517B58700DAD14A /* Icon.png */ = {isa = PBXFileReference; lastKnownFileType = image.png; path = Icon.png; sourceTree = "<group>"; };
		196B8E0D1517B58700DAD14A /* Icon@2x.png */ = {isa = PBXFileReference; lastKnownFileType = image.png; path = "Icon@2x.png"; sourceTree = "<group>"; };
		196B8E0E1517B58700DAD14A /* iTunesArtwork.png */ = {isa = PBXFileReference; lastKnownFileType = image.png; path = iTunesArtwork.png; sourceTree = "<group>"; };
		196B8E0F1517B58700DAD14A /* light-blob.png */ = {isa = PBXFileReference; lastKnownFileType = image.png; path = "light-blob.png"; sourceTree = "<group>"; };
		196B8E101517B58700DAD14A /* light-blob@2x.png */ = {isa = PBXFileReference; lastKnownFileType = image.png; path = "light-blob@2x.png"; sourceTree = "<group>"; };
		196B8E461518A00100DAD14A /* en */ = {isa = PBXFileReference; lastKnownFileType = text.plist.strings; name = en; path = InfoPlist.strings; sourceTree = "<group>"; };
		196B8E481518A00100DAD14A /* en */ = {isa = PBXFileReference; lastKnownFileType = file.xib; name = en; path = MainWindow.xib; sourceTree = "<group>"; };
		196B8E4A1518A00100DAD14A /* en */ = {isa = PBXFileReference; lastKnownFileType = file.xib; name = en; path = MEXWavingViewController.xib; sourceTree = "<group>"; };
		198F4DBF1546FF3800BEAF2D /* AppMeasurement.h */ = {isa = PBXFileReference; fileEncoding = 4; lastKnownFileType = sourcecode.c.h; path = AppMeasurement.h; sourceTree = "<group>"; };
		198F4DC41546FF3800BEAF2D /* UsageMetrics.h */ = {isa = PBXFileReference; fileEncoding = 4; lastKnownFileType = sourcecode.c.h; path = UsageMetrics.h; sourceTree = "<group>"; };
		198F4DC51546FF3800BEAF2D /* UsageMetrics.m */ = {isa = PBXFileReference; fileEncoding = 4; lastKnownFileType = sourcecode.c.objc; path = UsageMetrics.m; sourceTree = "<group>"; };
		198F4DCC1546FFCE00BEAF2D /* libAppMeasurement.a */ = {isa = PBXFileReference; lastKnownFileType = archive.ar; name = libAppMeasurement.a; path = MexicanWave/Omniture/Library/libAppMeasurement.a; sourceTree = "<group>"; };
		198F4DD4154845A900BEAF2D /* MEXAdvertController.h */ = {isa = PBXFileReference; fileEncoding = 4; lastKnownFileType = sourcecode.c.h; path = MEXAdvertController.h; sourceTree = "<group>"; };
		198F4DD5154845AA00BEAF2D /* MEXAdvertController.m */ = {isa = PBXFileReference; fileEncoding = 4; lastKnownFileType = sourcecode.c.objc; path = MEXAdvertController.m; sourceTree = "<group>"; };
		199B575F151CDFB200155281 /* ios-ntp.framework */ = {isa = PBXFileReference; lastKnownFileType = wrapper.framework; name = "ios-ntp.framework"; path = "ios-ntp/ios-ntp.framework"; sourceTree = "<group>"; };
		199CB60014FEA3CA00A16A97 /* MexicanWave.app */ = {isa = PBXFileReference; explicitFileType = wrapper.application; includeInIndex = 0; path = MexicanWave.app; sourceTree = BUILT_PRODUCTS_DIR; };
		199CB60414FEA3CA00A16A97 /* UIKit.framework */ = {isa = PBXFileReference; lastKnownFileType = wrapper.framework; name = UIKit.framework; path = System/Library/Frameworks/UIKit.framework; sourceTree = SDKROOT; };
		199CB60614FEA3CA00A16A97 /* Foundation.framework */ = {isa = PBXFileReference; lastKnownFileType = wrapper.framework; name = Foundation.framework; path = System/Library/Frameworks/Foundation.framework; sourceTree = SDKROOT; };
		199CB60814FEA3CA00A16A97 /* CoreGraphics.framework */ = {isa = PBXFileReference; lastKnownFileType = wrapper.framework; name = CoreGraphics.framework; path = System/Library/Frameworks/CoreGraphics.framework; sourceTree = SDKROOT; };
		199CB60C14FEA3CA00A16A97 /* MexicanWave-Info.plist */ = {isa = PBXFileReference; lastKnownFileType = text.plist.xml; path = "MexicanWave-Info.plist"; sourceTree = "<group>"; };
		199CB61014FEA3CA00A16A97 /* main.m */ = {isa = PBXFileReference; lastKnownFileType = sourcecode.c.objc; path = main.m; sourceTree = "<group>"; };
		199CB61214FEA3CA00A16A97 /* MexicanWave-Prefix.pch */ = {isa = PBXFileReference; lastKnownFileType = sourcecode.c.h; path = "MexicanWave-Prefix.pch"; sourceTree = "<group>"; };
		199CB61314FEA3CA00A16A97 /* MEXAppDelegate.h */ = {isa = PBXFileReference; lastKnownFileType = sourcecode.c.h; path = MEXAppDelegate.h; sourceTree = "<group>"; };
		199CB61414FEA3CA00A16A97 /* MEXAppDelegate.m */ = {isa = PBXFileReference; lastKnownFileType = sourcecode.c.objc; path = MEXAppDelegate.m; sourceTree = "<group>"; };
		199CB62914FEA47B00A16A97 /* MEXWavingViewController.h */ = {isa = PBXFileReference; fileEncoding = 4; lastKnownFileType = sourcecode.c.h; path = MEXWavingViewController.h; sourceTree = "<group>"; };
		199CB62A14FEA47C00A16A97 /* MEXWavingViewController.m */ = {isa = PBXFileReference; fileEncoding = 4; lastKnownFileType = sourcecode.c.objc; path = MEXWavingViewController.m; sourceTree = "<group>"; };
		199CB63014FEAABE00A16A97 /* MEXWaveModel.h */ = {isa = PBXFileReference; fileEncoding = 4; lastKnownFileType = sourcecode.c.h; path = MEXWaveModel.h; sourceTree = "<group>"; };
		199CB63114FEAABF00A16A97 /* MEXWaveModel.m */ = {isa = PBXFileReference; fileEncoding = 4; lastKnownFileType = sourcecode.c.objc; path = MEXWaveModel.m; sourceTree = "<group>"; };
		199CB63314FF84DC00A16A97 /* MEXCompassModel.h */ = {isa = PBXFileReference; fileEncoding = 4; lastKnownFileType = sourcecode.c.h; path = MEXCompassModel.h; sourceTree = "<group>"; };
		199CB63414FF84DD00A16A97 /* MEXCompassModel.m */ = {isa = PBXFileReference; fileEncoding = 4; lastKnownFileType = sourcecode.c.objc; path = MEXCompassModel.m; sourceTree = "<group>"; };
		199CB63D14FF8FF700A16A97 /* CoreLocation.framework */ = {isa = PBXFileReference; lastKnownFileType = wrapper.framework; name = CoreLocation.framework; path = System/Library/Frameworks/CoreLocation.framework; sourceTree = SDKROOT; };
		E254CA231513995100DAB66E /* QuartzCore.framework */ = {isa = PBXFileReference; lastKnownFileType = wrapper.framework; name = QuartzCore.framework; path = System/Library/Frameworks/QuartzCore.framework; sourceTree = SDKROOT; };
		E254CA251513A49400DAB66E /* AVFoundation.framework */ = {isa = PBXFileReference; lastKnownFileType = wrapper.framework; name = AVFoundation.framework; path = System/Library/Frameworks/AVFoundation.framework; sourceTree = SDKROOT; };
/* End PBXFileReference section */

/* Begin PBXFrameworksBuildPhase section */
		199CB5FD14FEA3CA00A16A97 /* Frameworks */ = {
			isa = PBXFrameworksBuildPhase;
			buildActionMask = 2147483647;
			files = (
				005F607A153C260000999B47 /* CoreMedia.framework in Frameworks */,
				005F6078153C25E700999B47 /* ImageIO.framework in Frameworks */,
				005F6076153C25DA00999B47 /* CoreVideo.framework in Frameworks */,
				1967B90F1523044B00A924D5 /* AudioToolbox.framework in Frameworks */,
				E254CA261513A49400DAB66E /* AVFoundation.framework in Frameworks */,
				E254CA241513995100DAB66E /* QuartzCore.framework in Frameworks */,
				199CB63E14FF8FF700A16A97 /* CoreLocation.framework in Frameworks */,
				199CB60514FEA3CA00A16A97 /* UIKit.framework in Frameworks */,
				199CB60714FEA3CA00A16A97 /* Foundation.framework in Frameworks */,
				199CB60914FEA3CA00A16A97 /* CoreGraphics.framework in Frameworks */,
				198F4DCD1546FFCE00BEAF2D /* libAppMeasurement.a in Frameworks */,
				199B5760151CDFB200155281 /* ios-ntp.framework in Frameworks */,
			);
			runOnlyForDeploymentPostprocessing = 0;
		};
/* End PBXFrameworksBuildPhase section */

/* Begin PBXGroup section */
		002779BE15513B7D0080BAFC /* es.lproj */ = {
			isa = PBXGroup;
			children = (
				002779BF15513B7D0080BAFC /* Localizable.strings */,
				002779CD1551747E0080BAFC /* InfoPlist.strings */,
			);
			name = es.lproj;
			path = MexicanWave/es.lproj;
			sourceTree = "<group>";
		};
		002CA90B1561442E00B9B155 /* Split Background */ = {
			isa = PBXGroup;
			children = (
				002CA955156252C000B9B155 /* background_1@2x.png */,
				002CA956156252C000B9B155 /* background_2@2x.png */,
				002CA957156252C000B9B155 /* background_3@2x.png */,
				002CA958156252C000B9B155 /* background_4@2x.png */,
				002CA90C1561442E00B9B155 /* background_1.png */,
				002CA90D1561442E00B9B155 /* background_2.png */,
				002CA90E1561442E00B9B155 /* background_3.png */,
				002CA90F1561442E00B9B155 /* background_4.png */,
			);
			name = "Split Background";
			path = Background;
			sourceTree = "<group>";
		};
		002CA91815624DE900B9B155 /* Mexican Sprites */ = {
			isa = PBXGroup;
			children = (
				002CA91915624DE900B9B155 /* hat_large.png */,
				002CA91A15624DE900B9B155 /* hat_large@2x.png */,
				002CA91B15624DE900B9B155 /* hat_small.png */,
				002CA91C15624DE900B9B155 /* hat_small@2x.png */,
				002CA91D15624DE900B9B155 /* sprite.png */,
				002CA91E15624DE900B9B155 /* sprite@2x.png */,
				002CA91F15624DE900B9B155 /* sprite_1.png */,
				002CA92015624DE900B9B155 /* sprite_10.png */,
				002CA92115624DE900B9B155 /* sprite_10@2x.png */,
				002CA92215624DE900B9B155 /* sprite_11.png */,
				002CA92315624DE900B9B155 /* sprite_11@2x.png */,
				002CA92415624DE900B9B155 /* sprite_1@2x.png */,
				002CA92515624DE900B9B155 /* sprite_2.png */,
				002CA92615624DE900B9B155 /* sprite_2@2x.png */,
				002CA92715624DE900B9B155 /* sprite_3.png */,
				002CA92815624DE900B9B155 /* sprite_3@2x.png */,
				002CA92915624DE900B9B155 /* sprite_4.png */,
				002CA92A15624DE900B9B155 /* sprite_4@2x.png */,
				002CA92B15624DE900B9B155 /* sprite_5.png */,
				002CA92C15624DE900B9B155 /* sprite_5@2x.png */,
				002CA92D15624DE900B9B155 /* sprite_6.png */,
				002CA92E15624DE900B9B155 /* sprite_6@2x.png */,
				002CA92F15624DE900B9B155 /* sprite_7.png */,
				002CA93015624DE900B9B155 /* sprite_7@2x.png */,
				002CA93115624DE900B9B155 /* sprite_8.png */,
				002CA93215624DE900B9B155 /* sprite_8@2x.png */,
				002CA93315624DE900B9B155 /* sprite_9.png */,
				002CA93415624DE900B9B155 /* sprite_9@2x.png */,
				002CA93515624DE900B9B155 /* tounge.png */,
				002CA93615624DE900B9B155 /* tounge@2x.png */,
			);
			path = "Mexican Sprites";
			sourceTree = "<group>";
		};
		00813F08152DE72A00262289 /* Settings / Config */ = {
			isa = PBXGroup;
			children = (
				00D26F341535BE85004BC8ED /* SettingsView.h */,
				00D26F351535BE85004BC8ED /* SettingsView.m */,
				00900CDB155A6EA4002B4815 /* ProgressView.h */,
				00900CDC155A6EA4002B4815 /* ProgressView.m */,
			);
			name = "Settings / Config";
			sourceTree = "<group>";
		};
		00D26F491536C886004BC8ED /* DeprecationAPI */ = {
			isa = PBXGroup;
			children = (
				00D26F4A1536C886004BC8ED /* AppUpgradeConfiguration.plist */,
				00D26F4B1536C886004BC8ED /* AppUpgradeController.h */,
				00D26F4C1536C886004BC8ED /* AppUpgradeController.m */,
				00D26F4D1536C886004BC8ED /* AppUpgradeModel.h */,
				00D26F4E1536C886004BC8ED /* AppUpgradeModel.m */,
				00D26F4F1536C886004BC8ED /* NSString+URLEncoding.h */,
				00D26F501536C886004BC8ED /* NSString+URLEncoding.m */,
				00D26F511536C886004BC8ED /* SettingsModel.h */,
				00D26F521536C886004BC8ED /* SettingsModel.m */,
				00D26F531536C886004BC8ED /* UIDevice+DetailedModelName.h */,
				00D26F541536C886004BC8ED /* UIDevice+DetailedModelName.m */,
			);
			path = DeprecationAPI;
			sourceTree = "<group>";
		};
		00D26F5F1536CAD3004BC8ED /* JSON */ = {
			isa = PBXGroup;
			children = (
				00D26F601536CAD3004BC8ED /* JSON.h */,
				00D26F611536CAD3004BC8ED /* NSObject+SBJSON.h */,
				00D26F621536CAD3004BC8ED /* NSObject+SBJSON.m */,
				00D26F631536CAD3004BC8ED /* NSString+SBJSON.h */,
				00D26F641536CAD3004BC8ED /* NSString+SBJSON.m */,
				00D26F651536CAD3004BC8ED /* SBJSON.h */,
				00D26F661536CAD3004BC8ED /* SBJSON.m */,
				00D26F671536CAD3004BC8ED /* SBJsonBase.h */,
				00D26F681536CAD3004BC8ED /* SBJsonBase.m */,
				00D26F691536CAD3004BC8ED /* SBJsonParser.h */,
				00D26F6A1536CAD3004BC8ED /* SBJsonParser.m */,
				00D26F6B1536CAD3004BC8ED /* SBJsonWriter.h */,
				00D26F6C1536CAD3004BC8ED /* SBJsonWriter.m */,
			);
			path = JSON;
			sourceTree = "<group>";
		};
		1903F3E11517717800807542 /* Views */ = {
			isa = PBXGroup;
			children = (
				00C6FEE41541663400420E4B /* CameraSessionController.h */,
				00C6FEE31541663400420E4B /* CameraSessionController.m */,
				1903F3CB1510F23900807542 /* MEXWaveFxView.h */,
				1903F3CC1510F23A00807542 /* MEXWaveFxView.m */,
			);
			name = Views;
			sourceTree = "<group>";
		};
		1967B918152304E800A924D5 /* Resources */ = {
			isa = PBXGroup;
			children = (
				002779BE15513B7D0080BAFC /* es.lproj */,
				196B8E441518A00100DAD14A /* en.lproj */,
				1967B91F152320B700A924D5 /* Sounds */,
			);
			name = Resources;
			sourceTree = "<group>";
		};
		1967B91F152320B700A924D5 /* Sounds */ = {
			isa = PBXGroup;
			children = (
				1967B921152320B700A924D5 /* clapping.caf */,
			);
			name = Sounds;
			path = MexicanWave/Sounds;
			sourceTree = "<group>";
		};
		196B8DF51517B58700DAD14A /* Images */ = {
			isa = PBXGroup;
			children = (
				002CA91815624DE900B9B155 /* Mexican Sprites */,
				002CA90B1561442E00B9B155 /* Split Background */,
				00AC81C3155D09D3003B3D2D /* mexican_2.png */,
				00AC81C4155D09D3003B3D2D /* mexican.png */,
				00900CDF155A8315002B4815 /* tick.png */,
				00900CE0155A8315002B4815 /* tick@2x.png */,
				00C3F1611553ED9B004252EB /* wave_disc.png */,
				00C3F165155425D3004252EB /* wave_disc@2x.png */,
				00C3F15D1553DB8B004252EB /* background.png */,
				00C3F15E1553DB8B004252EB /* background@2x.png */,
				00C3F14515529735004252EB /* Default@2x.png */,
				00C3F14315529731004252EB /* Default.png */,
				0046F0AC15470610006A5683 /* circleBackground.png */,
				0046F0AA154705E4006A5683 /* circleBackground@2x.png */,
				00C6FE66153F0AA100420E4B /* about_hand.png */,
				00C6FE67153F0AA100420E4B /* about_hand@2x.png */,
				0056D396153DC3A9004C2BE3 /* Yell-Advert.png */,
				0056D38A153DA812004C2BE3 /* Yell-Advert@2x.png */,
				0056D382153D85B7004C2BE3 /* tab_lines.png */,
				0056D383153D85B7004C2BE3 /* tab_lines@2x.png */,
				005F607B153C3C1400999B47 /* yell_icon.png */,
				005F607C153C3C1400999B47 /* yell_icon@2x.png */,
				005F6087153C6BB600999B47 /* camera@2x.png */,
				005F6088153C6BB600999B47 /* camera.png */,
				0056D386153D85D6004C2BE3 /* background_Camera.png */,
				0056D387153D85D6004C2BE3 /* background_Camera@2x.png */,
				00D26F451535E591004BC8ED /* button-whole.png */,
				00D26F461535E591004BC8ED /* button-whole@2x.png */,
				00D26F3C1535C7BB004BC8ED /* tab.png */,
				00D26F3D1535C7BB004BC8ED /* tab@2x.png */,
				196B8DF81517B58700DAD14A /* button-l.png */,
				196B8DF91517B58700DAD14A /* button-l@2x.png */,
				196B8DFA1517B58700DAD14A /* button-m.png */,
				196B8DFB1517B58700DAD14A /* button-m@2x.png */,
				196B8DFC1517B58700DAD14A /* button-r.png */,
				196B8DFD1517B58700DAD14A /* button-r@2x.png */,
				196B8DFE1517B58700DAD14A /* button-separator.png */,
				196B8DFF1517B58700DAD14A /* button-separator@2x.png */,
				196B8E001517B58700DAD14A /* flare.png */,
				196B8E011517B58700DAD14A /* flare@2x.png */,
				196B8E021517B58700DAD14A /* Icon-72.png */,
				196B8E031517B58700DAD14A /* icon-group.png */,
				196B8E041517B58700DAD14A /* icon-group@2x.png */,
				196B8E051517B58700DAD14A /* icon-music.png */,
				196B8E061517B58700DAD14A /* icon-music@2x.png */,
				196B8E071517B58700DAD14A /* Icon-Small-50.png */,
				196B8E081517B58700DAD14A /* Icon-Small.png */,
				196B8E091517B58700DAD14A /* Icon-Small@2x.png */,
				196B8E0A1517B58700DAD14A /* icon-stadium.png */,
				196B8E0B1517B58700DAD14A /* icon-stadium@2x.png */,
				196B8E0C1517B58700DAD14A /* Icon.png */,
				196B8E0D1517B58700DAD14A /* Icon@2x.png */,
				196B8E0E1517B58700DAD14A /* iTunesArtwork.png */,
				196B8E0F1517B58700DAD14A /* light-blob.png */,
				196B8E101517B58700DAD14A /* light-blob@2x.png */,
			);
			name = Images;
			path = ../Images;
			sourceTree = "<group>";
		};
		196B8E441518A00100DAD14A /* en.lproj */ = {
			isa = PBXGroup;
			children = (
				002779B515512A530080BAFC /* Localizable.strings */,
				196B8E451518A00100DAD14A /* InfoPlist.strings */,
				196B8E471518A00100DAD14A /* MainWindow.xib */,
				196B8E491518A00100DAD14A /* MEXWavingViewController.xib */,
				196B8DF51517B58700DAD14A /* Images */,
			);
			name = en.lproj;
			path = MexicanWave/en.lproj;
			sourceTree = "<group>";
		};
		198F4DBD1546FF3800BEAF2D /* Omniture */ = {
			isa = PBXGroup;
			children = (
				198F4DBE1546FF3800BEAF2D /* Library */,
				198F4DC41546FF3800BEAF2D /* UsageMetrics.h */,
				198F4DC51546FF3800BEAF2D /* UsageMetrics.m */,
			);
			path = Omniture;
			sourceTree = "<group>";
		};
		198F4DBE1546FF3800BEAF2D /* Library */ = {
			isa = PBXGroup;
			children = (
				198F4DBF1546FF3800BEAF2D /* AppMeasurement.h */,
			);
			path = Library;
			sourceTree = "<group>";
		};
		199CB5F514FEA3CA00A16A97 = {
			isa = PBXGroup;
			children = (
				1967B918152304E800A924D5 /* Resources */,
				199CB60A14FEA3CA00A16A97 /* MexicanWave */,
				199CB60314FEA3CA00A16A97 /* Frameworks */,
				199CB60114FEA3CA00A16A97 /* Products */,
			);
			sourceTree = "<group>";
		};
		199CB60114FEA3CA00A16A97 /* Products */ = {
			isa = PBXGroup;
			children = (
				199CB60014FEA3CA00A16A97 /* MexicanWave.app */,
			);
			name = Products;
			sourceTree = "<group>";
		};
		199CB60314FEA3CA00A16A97 /* Frameworks */ = {
			isa = PBXGroup;
			children = (
				198F4DCC1546FFCE00BEAF2D /* libAppMeasurement.a */,
				005F6079153C260000999B47 /* CoreMedia.framework */,
				005F6077153C25E700999B47 /* ImageIO.framework */,
				005F6075153C25DA00999B47 /* CoreVideo.framework */,
				1967B90E1523044B00A924D5 /* AudioToolbox.framework */,
				199B575F151CDFB200155281 /* ios-ntp.framework */,
				E254CA251513A49400DAB66E /* AVFoundation.framework */,
				E254CA231513995100DAB66E /* QuartzCore.framework */,
				199CB63D14FF8FF700A16A97 /* CoreLocation.framework */,
				199CB60414FEA3CA00A16A97 /* UIKit.framework */,
				199CB60614FEA3CA00A16A97 /* Foundation.framework */,
				199CB60814FEA3CA00A16A97 /* CoreGraphics.framework */,
			);
			name = Frameworks;
			sourceTree = "<group>";
		};
		199CB60A14FEA3CA00A16A97 /* MexicanWave */ = {
			isa = PBXGroup;
			children = (
				198F4DBD1546FF3800BEAF2D /* Omniture */,
				00D26F491536C886004BC8ED /* DeprecationAPI */,
				00D26F5F1536CAD3004BC8ED /* JSON */,
				00813F08152DE72A00262289 /* Settings / Config */,
				199CB61314FEA3CA00A16A97 /* MEXAppDelegate.h */,
				199CB61414FEA3CA00A16A97 /* MEXAppDelegate.m */,
				199CB63814FF851C00A16A97 /* Waving */,
				199CB63714FF850400A16A97 /* Compass */,
				199CB60B14FEA3CA00A16A97 /* Supporting Files */,
			);
			path = MexicanWave;
			sourceTree = "<group>";
		};
		199CB60B14FEA3CA00A16A97 /* Supporting Files */ = {
			isa = PBXGroup;
			children = (
				199CB60C14FEA3CA00A16A97 /* MexicanWave-Info.plist */,
				199CB61014FEA3CA00A16A97 /* main.m */,
				199CB61214FEA3CA00A16A97 /* MexicanWave-Prefix.pch */,
			);
			name = "Supporting Files";
			sourceTree = "<group>";
		};
		199CB63714FF850400A16A97 /* Compass */ = {
			isa = PBXGroup;
			children = (
				199CB63314FF84DC00A16A97 /* MEXCompassModel.h */,
				199CB63414FF84DD00A16A97 /* MEXCompassModel.m */,
			);
			name = Compass;
			sourceTree = "<group>";
		};
		199CB63814FF851C00A16A97 /* Waving */ = {
			isa = PBXGroup;
			children = (
				1903F3E11517717800807542 /* Views */,
				199CB63014FEAABE00A16A97 /* MEXWaveModel.h */,
				199CB63114FEAABF00A16A97 /* MEXWaveModel.m */,
				199CB62914FEA47B00A16A97 /* MEXWavingViewController.h */,
				199CB62A14FEA47C00A16A97 /* MEXWavingViewController.m */,
				198F4DD4154845A900BEAF2D /* MEXAdvertController.h */,
				198F4DD5154845AA00BEAF2D /* MEXAdvertController.m */,
				00900D2B155BDECC002B4815 /* GenericTextViewController.h */,
				00900D2C155BDECC002B4815 /* GenericTextViewController.m */,
				00900D2D155BDECD002B4815 /* GenericTextViewController.xib */,
			);
			name = Waving;
			sourceTree = "<group>";
		};
/* End PBXGroup section */

/* Begin PBXNativeTarget section */
		199CB5FF14FEA3CA00A16A97 /* MexicanWave */ = {
			isa = PBXNativeTarget;
			buildConfigurationList = 199CB61E14FEA3CA00A16A97 /* Build configuration list for PBXNativeTarget "MexicanWave" */;
			buildPhases = (
				199CB5FC14FEA3CA00A16A97 /* Sources */,
				199CB5FD14FEA3CA00A16A97 /* Frameworks */,
				199CB5FE14FEA3CA00A16A97 /* Resources */,
			);
			buildRules = (
			);
			dependencies = (
			);
			name = MexicanWave;
			productName = MexicanWave;
			productReference = 199CB60014FEA3CA00A16A97 /* MexicanWave.app */;
			productType = "com.apple.product-type.application";
		};
/* End PBXNativeTarget section */

/* Begin PBXProject section */
		199CB5F714FEA3CA00A16A97 /* Project object */ = {
			isa = PBXProject;
			attributes = {
				LastUpgradeCheck = 0430;
				ORGANIZATIONNAME = "Yell Group Plc";
			};
			buildConfigurationList = 199CB5FA14FEA3CA00A16A97 /* Build configuration list for PBXProject "MexicanWave" */;
			compatibilityVersion = "Xcode 3.2";
			developmentRegion = English;
			hasScannedForEncodings = 0;
			knownRegions = (
				en,
				es,
			);
			mainGroup = 199CB5F514FEA3CA00A16A97;
			productRefGroup = 199CB60114FEA3CA00A16A97 /* Products */;
			projectDirPath = "";
			projectRoot = "";
			targets = (
				199CB5FF14FEA3CA00A16A97 /* MexicanWave */,
			);
		};
/* End PBXProject section */

/* Begin PBXResourcesBuildPhase section */
		199CB5FE14FEA3CA00A16A97 /* Resources */ = {
			isa = PBXResourcesBuildPhase;
			buildActionMask = 2147483647;
			files = (
				196B8E141517B58700DAD14A /* button-l.png in Resources */,
				196B8E151517B58700DAD14A /* button-l@2x.png in Resources */,
				196B8E161517B58700DAD14A /* button-m.png in Resources */,
				196B8E171517B58700DAD14A /* button-m@2x.png in Resources */,
				196B8E181517B58700DAD14A /* button-r.png in Resources */,
				196B8E191517B58700DAD14A /* button-r@2x.png in Resources */,
				196B8E1A1517B58700DAD14A /* button-separator.png in Resources */,
				196B8E1B1517B58700DAD14A /* button-separator@2x.png in Resources */,
				196B8E1C1517B58700DAD14A /* flare.png in Resources */,
				196B8E1D1517B58700DAD14A /* flare@2x.png in Resources */,
				196B8E1E1517B58700DAD14A /* Icon-72.png in Resources */,
				196B8E1F1517B58700DAD14A /* icon-group.png in Resources */,
				196B8E201517B58700DAD14A /* icon-group@2x.png in Resources */,
				196B8E211517B58700DAD14A /* icon-music.png in Resources */,
				196B8E221517B58700DAD14A /* icon-music@2x.png in Resources */,
				196B8E231517B58700DAD14A /* Icon-Small-50.png in Resources */,
				196B8E241517B58700DAD14A /* Icon-Small.png in Resources */,
				196B8E251517B58700DAD14A /* Icon-Small@2x.png in Resources */,
				196B8E261517B58700DAD14A /* icon-stadium.png in Resources */,
				196B8E271517B58700DAD14A /* icon-stadium@2x.png in Resources */,
				196B8E281517B58700DAD14A /* Icon.png in Resources */,
				196B8E291517B58700DAD14A /* Icon@2x.png in Resources */,
				196B8E2A1517B58700DAD14A /* iTunesArtwork.png in Resources */,
				196B8E2B1517B58700DAD14A /* light-blob.png in Resources */,
				196B8E2C1517B58700DAD14A /* light-blob@2x.png in Resources */,
				196B8E4B1518A00100DAD14A /* InfoPlist.strings in Resources */,
				196B8E4C1518A00100DAD14A /* MainWindow.xib in Resources */,
				196B8E4D1518A00100DAD14A /* MEXWavingViewController.xib in Resources */,
				1967B923152320B700A924D5 /* clapping.caf in Resources */,
				00D26F3E1535C7BB004BC8ED /* tab.png in Resources */,
				00D26F3F1535C7BB004BC8ED /* tab@2x.png in Resources */,
				00D26F471535E591004BC8ED /* button-whole.png in Resources */,
				00D26F481535E591004BC8ED /* button-whole@2x.png in Resources */,
				00D26F551536C886004BC8ED /* AppUpgradeConfiguration.plist in Resources */,
				005F607D153C3C1400999B47 /* yell_icon.png in Resources */,
				005F607E153C3C1400999B47 /* yell_icon@2x.png in Resources */,
				005F6089153C6BB600999B47 /* camera@2x.png in Resources */,
				005F608A153C6BB600999B47 /* camera.png in Resources */,
				0056D384153D85B7004C2BE3 /* tab_lines.png in Resources */,
				0056D385153D85B7004C2BE3 /* tab_lines@2x.png in Resources */,
				0056D388153D85D6004C2BE3 /* background_Camera.png in Resources */,
				0056D389153D85D6004C2BE3 /* background_Camera@2x.png in Resources */,
				0056D38B153DA812004C2BE3 /* Yell-Advert@2x.png in Resources */,
				0056D397153DC3AA004C2BE3 /* Yell-Advert.png in Resources */,
				00C6FE68153F0AA100420E4B /* about_hand.png in Resources */,
				00C6FE69153F0AA100420E4B /* about_hand@2x.png in Resources */,
				0046F0AB154705E4006A5683 /* circleBackground@2x.png in Resources */,
				0046F0AD15470610006A5683 /* circleBackground.png in Resources */,
				002779B715512A530080BAFC /* Localizable.strings in Resources */,
				002779C115513B7D0080BAFC /* Localizable.strings in Resources */,
				002779CF1551747E0080BAFC /* InfoPlist.strings in Resources */,
				00C3F14415529731004252EB /* Default.png in Resources */,
				00C3F14615529735004252EB /* Default@2x.png in Resources */,
				00C3F15F1553DB8C004252EB /* background.png in Resources */,
				00C3F1601553DB8C004252EB /* background@2x.png in Resources */,
				00C3F1631553ED9C004252EB /* wave_disc.png in Resources */,
				00C3F166155425D3004252EB /* wave_disc@2x.png in Resources */,
				00900CE1155A8315002B4815 /* tick.png in Resources */,
				00900CE2155A8315002B4815 /* tick@2x.png in Resources */,
				00900D2F155BDECD002B4815 /* GenericTextViewController.xib in Resources */,
				00AC81C5155D09D3003B3D2D /* mexican_2.png in Resources */,
				00AC81C6155D09D3003B3D2D /* mexican.png in Resources */,
				002CA9101561442E00B9B155 /* background_1.png in Resources */,
				002CA9111561442E00B9B155 /* background_2.png in Resources */,
				002CA9121561442E00B9B155 /* background_3.png in Resources */,
				002CA9131561442E00B9B155 /* background_4.png in Resources */,
				002CA93715624DE900B9B155 /* hat_large.png in Resources */,
				002CA93815624DE900B9B155 /* hat_large@2x.png in Resources */,
				002CA93915624DE900B9B155 /* hat_small.png in Resources */,
				002CA93A15624DE900B9B155 /* hat_small@2x.png in Resources */,
				002CA93B15624DE900B9B155 /* sprite.png in Resources */,
				002CA93C15624DE900B9B155 /* sprite@2x.png in Resources */,
				002CA93D15624DE900B9B155 /* sprite_1.png in Resources */,
				002CA93E15624DE900B9B155 /* sprite_10.png in Resources */,
				002CA93F15624DE900B9B155 /* sprite_10@2x.png in Resources */,
				002CA94015624DE900B9B155 /* sprite_11.png in Resources */,
				002CA94115624DE900B9B155 /* sprite_11@2x.png in Resources */,
				002CA94215624DE900B9B155 /* sprite_1@2x.png in Resources */,
				002CA94315624DE900B9B155 /* sprite_2.png in Resources */,
				002CA94415624DE900B9B155 /* sprite_2@2x.png in Resources */,
				002CA94515624DE900B9B155 /* sprite_3.png in Resources */,
				002CA94615624DE900B9B155 /* sprite_3@2x.png in Resources */,
				002CA94715624DE900B9B155 /* sprite_4.png in Resources */,
				002CA94815624DE900B9B155 /* sprite_4@2x.png in Resources */,
				002CA94915624DE900B9B155 /* sprite_5.png in Resources */,
				002CA94A15624DE900B9B155 /* sprite_5@2x.png in Resources */,
				002CA94B15624DE900B9B155 /* sprite_6.png in Resources */,
				002CA94C15624DE900B9B155 /* sprite_6@2x.png in Resources */,
				002CA94D15624DE900B9B155 /* sprite_7.png in Resources */,
				002CA94E15624DE900B9B155 /* sprite_7@2x.png in Resources */,
				002CA94F15624DE900B9B155 /* sprite_8.png in Resources */,
				002CA95015624DE900B9B155 /* sprite_8@2x.png in Resources */,
				002CA95115624DE900B9B155 /* sprite_9.png in Resources */,
				002CA95215624DE900B9B155 /* sprite_9@2x.png in Resources */,
				002CA95315624DE900B9B155 /* tounge.png in Resources */,
				002CA95415624DE900B9B155 /* tounge@2x.png in Resources */,
				002CA959156252C000B9B155 /* background_1@2x.png in Resources */,
				002CA95A156252C000B9B155 /* background_2@2x.png in Resources */,
				002CA95B156252C000B9B155 /* background_3@2x.png in Resources */,
				002CA95C156252C000B9B155 /* background_4@2x.png in Resources */,
			);
			runOnlyForDeploymentPostprocessing = 0;
		};
/* End PBXResourcesBuildPhase section */

/* Begin PBXSourcesBuildPhase section */
		199CB5FC14FEA3CA00A16A97 /* Sources */ = {
			isa = PBXSourcesBuildPhase;
			buildActionMask = 2147483647;
			files = (
				199CB61114FEA3CA00A16A97 /* main.m in Sources */,
				199CB61514FEA3CA00A16A97 /* MEXAppDelegate.m in Sources */,
				199CB62C14FEA47C00A16A97 /* MEXWavingViewController.m in Sources */,
				199CB63214FEAAC000A16A97 /* MEXWaveModel.m in Sources */,
				199CB63514FF84DE00A16A97 /* MEXCompassModel.m in Sources */,
				1903F3CD1510F23A00807542 /* MEXWaveFxView.m in Sources */,
				00D26F361535BE85004BC8ED /* SettingsView.m in Sources */,
				00D26F561536C886004BC8ED /* AppUpgradeController.m in Sources */,
				00D26F571536C886004BC8ED /* AppUpgradeModel.m in Sources */,
				00D26F581536C886004BC8ED /* NSString+URLEncoding.m in Sources */,
				00D26F591536C886004BC8ED /* SettingsModel.m in Sources */,
				00D26F5A1536C886004BC8ED /* UIDevice+DetailedModelName.m in Sources */,
				00D26F6D1536CAD3004BC8ED /* NSObject+SBJSON.m in Sources */,
				00D26F6E1536CAD3004BC8ED /* NSString+SBJSON.m in Sources */,
				00D26F6F1536CAD3004BC8ED /* SBJSON.m in Sources */,
				00D26F701536CAD3004BC8ED /* SBJsonBase.m in Sources */,
				00D26F711536CAD3004BC8ED /* SBJsonParser.m in Sources */,
				00D26F721536CAD3004BC8ED /* SBJsonWriter.m in Sources */,
				00C6FEE51541663400420E4B /* CameraSessionController.m in Sources */,
				198F4DD31547F2BB00BEAF2D /* UsageMetrics.m in Sources */,
				001A663915498E9F008B00E3 /* MEXAdvertController.m in Sources */,
				00900CDD155A6EA4002B4815 /* ProgressView.m in Sources */,
				00900D2E155BDECD002B4815 /* GenericTextViewController.m in Sources */,
			);
			runOnlyForDeploymentPostprocessing = 0;
		};
/* End PBXSourcesBuildPhase section */

/* Begin PBXVariantGroup section */
		002779B515512A530080BAFC /* Localizable.strings */ = {
			isa = PBXVariantGroup;
			children = (
				002779B615512A530080BAFC /* en */,
			);
			name = Localizable.strings;
			sourceTree = "<group>";
		};
		002779BF15513B7D0080BAFC /* Localizable.strings */ = {
			isa = PBXVariantGroup;
			children = (
				002779C015513B7D0080BAFC /* es */,
			);
			name = Localizable.strings;
			sourceTree = "<group>";
		};
		002779CD1551747E0080BAFC /* InfoPlist.strings */ = {
			isa = PBXVariantGroup;
			children = (
				002779CE1551747E0080BAFC /* es */,
			);
			name = InfoPlist.strings;
			sourceTree = "<group>";
		};
		196B8E451518A00100DAD14A /* InfoPlist.strings */ = {
			isa = PBXVariantGroup;
			children = (
				196B8E461518A00100DAD14A /* en */,
			);
			name = InfoPlist.strings;
			sourceTree = "<group>";
		};
		196B8E471518A00100DAD14A /* MainWindow.xib */ = {
			isa = PBXVariantGroup;
			children = (
				196B8E481518A00100DAD14A /* en */,
			);
			name = MainWindow.xib;
			sourceTree = "<group>";
		};
		196B8E491518A00100DAD14A /* MEXWavingViewController.xib */ = {
			isa = PBXVariantGroup;
			children = (
				196B8E4A1518A00100DAD14A /* en */,
			);
			name = MEXWavingViewController.xib;
			sourceTree = "<group>";
		};
/* End PBXVariantGroup section */

/* Begin XCBuildConfiguration section */
		197E45691541B2E20089CCCD /* AppStoreDistribution */ = {
			isa = XCBuildConfiguration;
			buildSettings = {
				ALWAYS_SEARCH_USER_PATHS = NO;
				ARCHS = "$(ARCHS_STANDARD_32_BIT)";
				"CODE_SIGN_IDENTITY[sdk=iphoneos*]" = "iPhone Developer";
				COPY_PHASE_STRIP = YES;
				GCC_C_LANGUAGE_STANDARD = gnu99;
				GCC_PREPROCESSOR_DEFINITIONS = APPSTORERELEASE;
				GCC_VERSION = com.apple.compilers.llvm.clang.1_0;
				GCC_WARN_ABOUT_MISSING_PROTOTYPES = YES;
				GCC_WARN_ABOUT_RETURN_TYPE = YES;
				GCC_WARN_UNUSED_VARIABLE = YES;
				IPHONEOS_DEPLOYMENT_TARGET = 5.0;
				OTHER_CFLAGS = "-DNS_BLOCK_ASSERTIONS=1";
				SDKROOT = iphoneos;
				VALIDATE_PRODUCT = YES;
			};
			name = AppStoreDistribution;
		};
		197E456A1541B2E20089CCCD /* AppStoreDistribution */ = {
			isa = XCBuildConfiguration;
			buildSettings = {
				"CODE_SIGN_IDENTITY[sdk=iphoneos*]" = "iPhone Distribution";
				FRAMEWORK_SEARCH_PATHS = (
					"$(inherited)",
					"\"$(SRCROOT)/ios-ntp\"",
				);
				GCC_PRECOMPILE_PREFIX_HEADER = YES;
				GCC_PREFIX_HEADER = "MexicanWave/MexicanWave-Prefix.pch";
				INFOPLIST_FILE = "MexicanWave/MexicanWave-Info.plist";
				IPHONEOS_DEPLOYMENT_TARGET = 5.0;
				LIBRARY_SEARCH_PATHS = (
					"$(inherited)",
					"\"$(SRCROOT)/MexicanWave/Omniture/Library\"",
				);
				PRODUCT_NAME = "$(TARGET_NAME)";
				"PROVISIONING_PROFILE[sdk=iphoneos*]" = "";
				WRAPPER_EXTENSION = app;
			};
			name = AppStoreDistribution;
		};
		199CB61C14FEA3CA00A16A97 /* Debug */ = {
			isa = XCBuildConfiguration;
			buildSettings = {
				ALWAYS_SEARCH_USER_PATHS = NO;
				ARCHS = "$(ARCHS_STANDARD_32_BIT)";
				CODE_SIGN_IDENTITY = "iPhone Developer";
				"CODE_SIGN_IDENTITY[sdk=iphoneos*]" = "iPhone Developer";
				COPY_PHASE_STRIP = NO;
				GCC_C_LANGUAGE_STANDARD = gnu99;
				GCC_DYNAMIC_NO_PIC = NO;
				GCC_OPTIMIZATION_LEVEL = 0;
				GCC_PREPROCESSOR_DEFINITIONS = (
					"DEBUG=1",
					"$(inherited)",
				);
				GCC_SYMBOLS_PRIVATE_EXTERN = NO;
				GCC_VERSION = com.apple.compilers.llvm.clang.1_0;
				GCC_WARN_ABOUT_MISSING_PROTOTYPES = YES;
				GCC_WARN_ABOUT_RETURN_TYPE = YES;
				GCC_WARN_UNUSED_VARIABLE = YES;
				IPHONEOS_DEPLOYMENT_TARGET = 5.0;
				PROVISIONING_PROFILE = "";
				SDKROOT = iphoneos;
			};
			name = Debug;
		};
		199CB61D14FEA3CA00A16A97 /* Release */ = {
			isa = XCBuildConfiguration;
			buildSettings = {
				ALWAYS_SEARCH_USER_PATHS = NO;
				ARCHS = "$(ARCHS_STANDARD_32_BIT)";
				CODE_SIGN_IDENTITY = "iPhone Developer";
				"CODE_SIGN_IDENTITY[sdk=iphoneos*]" = "iPhone Developer";
				COPY_PHASE_STRIP = YES;
				GCC_C_LANGUAGE_STANDARD = gnu99;
				GCC_VERSION = com.apple.compilers.llvm.clang.1_0;
				GCC_WARN_ABOUT_MISSING_PROTOTYPES = YES;
				GCC_WARN_ABOUT_RETURN_TYPE = YES;
				GCC_WARN_UNUSED_VARIABLE = YES;
				IPHONEOS_DEPLOYMENT_TARGET = 5.0;
				OTHER_CFLAGS = "-DNS_BLOCK_ASSERTIONS=1";
				PROVISIONING_PROFILE = "";
				SDKROOT = iphoneos;
				VALIDATE_PRODUCT = YES;
			};
			name = Release;
		};
		199CB61F14FEA3CA00A16A97 /* Debug */ = {
			isa = XCBuildConfiguration;
			buildSettings = {
				CODE_SIGN_IDENTITY = "iPhone Developer";
				FRAMEWORK_SEARCH_PATHS = (
					"$(inherited)",
					"\"$(SRCROOT)/ios-ntp\"",
				);
				GCC_PRECOMPILE_PREFIX_HEADER = YES;
				GCC_PREFIX_HEADER = "MexicanWave/MexicanWave-Prefix.pch";
				INFOPLIST_FILE = "MexicanWave/MexicanWave-Info.plist";
				IPHONEOS_DEPLOYMENT_TARGET = 5.0;
				LIBRARY_SEARCH_PATHS = (
					"$(inherited)",
					"\"$(SRCROOT)/MexicanWave/Omniture/Library\"",
				);
				PRODUCT_NAME = "$(TARGET_NAME)";
				PROVISIONING_PROFILE = "";
				WRAPPER_EXTENSION = app;
			};
			name = Debug;
		};
		199CB62014FEA3CA00A16A97 /* Release */ = {
			isa = XCBuildConfiguration;
			buildSettings = {
				CODE_SIGN_IDENTITY = "iPhone Developer";
				"CODE_SIGN_IDENTITY[sdk=iphoneos*]" = "iPhone Developer";
				FRAMEWORK_SEARCH_PATHS = (
					"$(inherited)",
					"\"$(SRCROOT)/ios-ntp\"",
				);
				GCC_PRECOMPILE_PREFIX_HEADER = YES;
				GCC_PREFIX_HEADER = "MexicanWave/MexicanWave-Prefix.pch";
				INFOPLIST_FILE = "MexicanWave/MexicanWave-Info.plist";
				IPHONEOS_DEPLOYMENT_TARGET = 5.0;
				LIBRARY_SEARCH_PATHS = (
					"$(inherited)",
					"\"$(SRCROOT)/MexicanWave/Omniture/Library\"",
				);
				PRODUCT_NAME = "$(TARGET_NAME)";
				PROVISIONING_PROFILE = "";
				"PROVISIONING_PROFILE[sdk=iphoneos*]" = "";
				WRAPPER_EXTENSION = app;
			};
			name = Release;
		};
		E254CA1C151338DE00DAB66E /* InHouseDistribution */ = {
			isa = XCBuildConfiguration;
			buildSettings = {
				ALWAYS_SEARCH_USER_PATHS = NO;
				ARCHS = "$(ARCHS_STANDARD_32_BIT)";
				CODE_SIGN_IDENTITY = "iPhone Distribution";
				"CODE_SIGN_IDENTITY[sdk=iphoneos*]" = "iPhone Distribution";
				COPY_PHASE_STRIP = YES;
				GCC_C_LANGUAGE_STANDARD = gnu99;
				GCC_VERSION = com.apple.compilers.llvm.clang.1_0;
				GCC_WARN_ABOUT_MISSING_PROTOTYPES = YES;
				GCC_WARN_ABOUT_RETURN_TYPE = YES;
				GCC_WARN_UNUSED_VARIABLE = YES;
				IPHONEOS_DEPLOYMENT_TARGET = 5.0;
				OTHER_CFLAGS = "-DNS_BLOCK_ASSERTIONS=1";
				PROVISIONING_PROFILE = "";
				"PROVISIONING_PROFILE[sdk=iphoneos*]" = "";
				SDKROOT = iphoneos;
				VALIDATE_PRODUCT = YES;
			};
			name = InHouseDistribution;
		};
		E254CA1D151338DE00DAB66E /* InHouseDistribution */ = {
			isa = XCBuildConfiguration;
			buildSettings = {
				CODE_SIGN_IDENTITY = "iPhone Distribution";
				"CODE_SIGN_IDENTITY[sdk=iphoneos*]" = "iPhone Distribution";
				FRAMEWORK_SEARCH_PATHS = (
					"$(inherited)",
					"\"$(SRCROOT)/ios-ntp\"",
				);
				GCC_PRECOMPILE_PREFIX_HEADER = YES;
				GCC_PREFIX_HEADER = "MexicanWave/MexicanWave-Prefix.pch";
				INFOPLIST_FILE = "MexicanWave/MexicanWave-Info.plist";
				IPHONEOS_DEPLOYMENT_TARGET = 5.0;
				LIBRARY_SEARCH_PATHS = (
					"$(inherited)",
					"\"$(SRCROOT)/MexicanWave/Omniture/Library\"",
				);
				PRODUCT_NAME = "$(TARGET_NAME)";
				PROVISIONING_PROFILE = "";
				"PROVISIONING_PROFILE[sdk=iphoneos*]" = "";
				WRAPPER_EXTENSION = app;
			};
			name = InHouseDistribution;
		};
/* End XCBuildConfiguration section */

/* Begin XCConfigurationList section */
		199CB5FA14FEA3CA00A16A97 /* Build configuration list for PBXProject "MexicanWave" */ = {
			isa = XCConfigurationList;
			buildConfigurations = (
				199CB61C14FEA3CA00A16A97 /* Debug */,
				199CB61D14FEA3CA00A16A97 /* Release */,
				E254CA1C151338DE00DAB66E /* InHouseDistribution */,
				197E45691541B2E20089CCCD /* AppStoreDistribution */,
			);
			defaultConfigurationIsVisible = 0;
			defaultConfigurationName = InHouseDistribution;
		};
		199CB61E14FEA3CA00A16A97 /* Build configuration list for PBXNativeTarget "MexicanWave" */ = {
			isa = XCConfigurationList;
			buildConfigurations = (
				199CB61F14FEA3CA00A16A97 /* Debug */,
				199CB62014FEA3CA00A16A97 /* Release */,
				E254CA1D151338DE00DAB66E /* InHouseDistribution */,
				197E456A1541B2E20089CCCD /* AppStoreDistribution */,
			);
			defaultConfigurationIsVisible = 0;
			defaultConfigurationName = InHouseDistribution;
		};
/* End XCConfigurationList section */
	};
	rootObject = 199CB5F714FEA3CA00A16A97 /* Project object */;
}
